// !$*UTF8*$!
{
	archiveVersion = 1;
	classes = {
	};
	objectVersion = 56;
	objects = {

/* Begin PBXBuildFile section */
		1837A9CC2A37BD9900AD8BCD /* DynamicallyFiltering_FetchRequestWithSwiftUIApp.swift in Sources */ = {isa = PBXBuildFile; fileRef = 1837A9CB2A37BD9900AD8BCD /* DynamicallyFiltering_FetchRequestWithSwiftUIApp.swift */; };
		1837A9CE2A37BD9900AD8BCD /* ContentView.swift in Sources */ = {isa = PBXBuildFile; fileRef = 1837A9CD2A37BD9900AD8BCD /* ContentView.swift */; };
		1837A9D02A37BD9D00AD8BCD /* Assets.xcassets in Resources */ = {isa = PBXBuildFile; fileRef = 1837A9CF2A37BD9D00AD8BCD /* Assets.xcassets */; };
		1837A9D32A37BD9D00AD8BCD /* Preview Assets.xcassets in Resources */ = {isa = PBXBuildFile; fileRef = 1837A9D22A37BD9D00AD8BCD /* Preview Assets.xcassets */; };
		1837A9DA2A37BE1500AD8BCD /* DataController.swift in Sources */ = {isa = PBXBuildFile; fileRef = 1837A9D92A37BE1500AD8BCD /* DataController.swift */; };
		1837A9DD2A37BF2000AD8BCD /* CoreDataProject.xcdatamodeld in Sources */ = {isa = PBXBuildFile; fileRef = 1837A9DB2A37BF2000AD8BCD /* CoreDataProject.xcdatamodeld */; };
		1837A9E02A37BF5600AD8BCD /* Singer+CoreDataClass.swift in Sources */ = {isa = PBXBuildFile; fileRef = 1837A9DE2A37BF5600AD8BCD /* Singer+CoreDataClass.swift */; };
		1837A9E12A37BF5600AD8BCD /* Singer+CoreDataProperties.swift in Sources */ = {isa = PBXBuildFile; fileRef = 1837A9DF2A37BF5600AD8BCD /* Singer+CoreDataProperties.swift */; };
		1837A9E32A37C18400AD8BCD /* FilteredList.swift in Sources */ = {isa = PBXBuildFile; fileRef = 1837A9E22A37C18400AD8BCD /* FilteredList.swift */; };
		1837A9E52A37C4C200AD8BCD /* AlternativeFilteredList.swift in Sources */ = {isa = PBXBuildFile; fileRef = 1837A9E42A37C4C200AD8BCD /* AlternativeFilteredList.swift */; };
/* End PBXBuildFile section */

/* Begin PBXFileReference section */
		1837A9C82A37BD9900AD8BCD /* DynamicallyFiltering@FetchRequestWithSwiftUI.app */ = {isa = PBXFileReference; explicitFileType = wrapper.application; includeInIndex = 0; path = "DynamicallyFiltering@FetchRequestWithSwiftUI.app"; sourceTree = BUILT_PRODUCTS_DIR; };
		1837A9CB2A37BD9900AD8BCD /* DynamicallyFiltering_FetchRequestWithSwiftUIApp.swift */ = {isa = PBXFileReference; lastKnownFileType = sourcecode.swift; path = DynamicallyFiltering_FetchRequestWithSwiftUIApp.swift; sourceTree = "<group>"; };
		1837A9CD2A37BD9900AD8BCD /* ContentView.swift */ = {isa = PBXFileReference; lastKnownFileType = sourcecode.swift; path = ContentView.swift; sourceTree = "<group>"; };
		1837A9CF2A37BD9D00AD8BCD /* Assets.xcassets */ = {isa = PBXFileReference; lastKnownFileType = folder.assetcatalog; path = Assets.xcassets; sourceTree = "<group>"; };
		1837A9D22A37BD9D00AD8BCD /* Preview Assets.xcassets */ = {isa = PBXFileReference; lastKnownFileType = folder.assetcatalog; path = "Preview Assets.xcassets"; sourceTree = "<group>"; };
		1837A9D92A37BE1500AD8BCD /* DataController.swift */ = {isa = PBXFileReference; lastKnownFileType = sourcecode.swift; path = DataController.swift; sourceTree = "<group>"; };
		1837A9DC2A37BF2000AD8BCD /* CoreDataProject.xcdatamodel */ = {isa = PBXFileReference; lastKnownFileType = wrapper.xcdatamodel; path = CoreDataProject.xcdatamodel; sourceTree = "<group>"; };
		1837A9DE2A37BF5600AD8BCD /* Singer+CoreDataClass.swift */ = {isa = PBXFileReference; lastKnownFileType = sourcecode.swift; path = "Singer+CoreDataClass.swift"; sourceTree = "<group>"; };
		1837A9DF2A37BF5600AD8BCD /* Singer+CoreDataProperties.swift */ = {isa = PBXFileReference; lastKnownFileType = sourcecode.swift; path = "Singer+CoreDataProperties.swift"; sourceTree = "<group>"; };
		1837A9E22A37C18400AD8BCD /* FilteredList.swift */ = {isa = PBXFileReference; lastKnownFileType = sourcecode.swift; path = FilteredList.swift; sourceTree = "<group>"; };
		1837A9E42A37C4C200AD8BCD /* AlternativeFilteredList.swift */ = {isa = PBXFileReference; lastKnownFileType = sourcecode.swift; path = AlternativeFilteredList.swift; sourceTree = "<group>"; };
/* End PBXFileReference section */

/* Begin PBXFrameworksBuildPhase section */
		1837A9C52A37BD9900AD8BCD /* Frameworks */ = {
			isa = PBXFrameworksBuildPhase;
			buildActionMask = 2147483647;
			files = (
			);
			runOnlyForDeploymentPostprocessing = 0;
		};
/* End PBXFrameworksBuildPhase section */

/* Begin PBXGroup section */
		1837A9BF2A37BD9900AD8BCD = {
			isa = PBXGroup;
			children = (
				1837A9CA2A37BD9900AD8BCD /* DynamicallyFiltering@FetchRequestWithSwiftUI */,
				1837A9C92A37BD9900AD8BCD /* Products */,
			);
			sourceTree = "<group>";
		};
		1837A9C92A37BD9900AD8BCD /* Products */ = {
			isa = PBXGroup;
			children = (
				1837A9C82A37BD9900AD8BCD /* DynamicallyFiltering@FetchRequestWithSwiftUI.app */,
			);
			name = Products;
			sourceTree = "<group>";
		};
		1837A9CA2A37BD9900AD8BCD /* DynamicallyFiltering@FetchRequestWithSwiftUI */ = {
			isa = PBXGroup;
			children = (
				1837A9DE2A37BF5600AD8BCD /* Singer+CoreDataClass.swift */,
				1837A9DF2A37BF5600AD8BCD /* Singer+CoreDataProperties.swift */,
				1837A9CB2A37BD9900AD8BCD /* DynamicallyFiltering_FetchRequestWithSwiftUIApp.swift */,
				1837A9CD2A37BD9900AD8BCD /* ContentView.swift */,
				1837A9E22A37C18400AD8BCD /* FilteredList.swift */,
				1837A9E42A37C4C200AD8BCD /* AlternativeFilteredList.swift */,
				1837A9DB2A37BF2000AD8BCD /* CoreDataProject.xcdatamodeld */,
				1837A9D92A37BE1500AD8BCD /* DataController.swift */,
				1837A9CF2A37BD9D00AD8BCD /* Assets.xcassets */,
				1837A9D12A37BD9D00AD8BCD /* Preview Content */,
			);
			path = "DynamicallyFiltering@FetchRequestWithSwiftUI";
			sourceTree = "<group>";
		};
		1837A9D12A37BD9D00AD8BCD /* Preview Content */ = {
			isa = PBXGroup;
			children = (
				1837A9D22A37BD9D00AD8BCD /* Preview Assets.xcassets */,
			);
			path = "Preview Content";
			sourceTree = "<group>";
		};
/* End PBXGroup section */

/* Begin PBXNativeTarget section */
		1837A9C72A37BD9900AD8BCD /* DynamicallyFiltering@FetchRequestWithSwiftUI */ = {
			isa = PBXNativeTarget;
			buildConfigurationList = 1837A9D62A37BD9D00AD8BCD /* Build configuration list for PBXNativeTarget "DynamicallyFiltering@FetchRequestWithSwiftUI" */;
			buildPhases = (
				1837A9C42A37BD9900AD8BCD /* Sources */,
				1837A9C52A37BD9900AD8BCD /* Frameworks */,
				1837A9C62A37BD9900AD8BCD /* Resources */,
			);
			buildRules = (
			);
			dependencies = (
			);
			name = "DynamicallyFiltering@FetchRequestWithSwiftUI";
			productName = "DynamicallyFiltering@FetchRequestWithSwiftUI";
			productReference = 1837A9C82A37BD9900AD8BCD /* DynamicallyFiltering@FetchRequestWithSwiftUI.app */;
			productType = "com.apple.product-type.application";
		};
/* End PBXNativeTarget section */

/* Begin PBXProject section */
		1837A9C02A37BD9900AD8BCD /* Project object */ = {
			isa = PBXProject;
			attributes = {
				BuildIndependentTargetsInParallel = 1;
				LastSwiftUpdateCheck = 1430;
				LastUpgradeCheck = 1430;
				TargetAttributes = {
					1837A9C72A37BD9900AD8BCD = {
						CreatedOnToolsVersion = 14.3;
					};
				};
			};
			buildConfigurationList = 1837A9C32A37BD9900AD8BCD /* Build configuration list for PBXProject "DynamicallyFiltering@FetchRequestWithSwiftUI" */;
			compatibilityVersion = "Xcode 14.0";
			developmentRegion = en;
			hasScannedForEncodings = 0;
			knownRegions = (
				en,
				Base,
			);
			mainGroup = 1837A9BF2A37BD9900AD8BCD;
			productRefGroup = 1837A9C92A37BD9900AD8BCD /* Products */;
			projectDirPath = "";
			projectRoot = "";
			targets = (
				1837A9C72A37BD9900AD8BCD /* DynamicallyFiltering@FetchRequestWithSwiftUI */,
			);
		};
/* End PBXProject section */

/* Begin PBXResourcesBuildPhase section */
		1837A9C62A37BD9900AD8BCD /* Resources */ = {
			isa = PBXResourcesBuildPhase;
			buildActionMask = 2147483647;
			files = (
				1837A9D32A37BD9D00AD8BCD /* Preview Assets.xcassets in Resources */,
				1837A9D02A37BD9D00AD8BCD /* Assets.xcassets in Resources */,
			);
			runOnlyForDeploymentPostprocessing = 0;
		};
/* End PBXResourcesBuildPhase section */

/* Begin PBXSourcesBuildPhase section */
		1837A9C42A37BD9900AD8BCD /* Sources */ = {
			isa = PBXSourcesBuildPhase;
			buildActionMask = 2147483647;
			files = (
				1837A9CE2A37BD9900AD8BCD /* ContentView.swift in Sources */,
				1837A9E12A37BF5600AD8BCD /* Singer+CoreDataProperties.swift in Sources */,
				1837A9E52A37C4C200AD8BCD /* AlternativeFilteredList.swift in Sources */,
				1837A9DA2A37BE1500AD8BCD /* DataController.swift in Sources */,
				1837A9E02A37BF5600AD8BCD /* Singer+CoreDataClass.swift in Sources */,
				1837A9DD2A37BF2000AD8BCD /* CoreDataProject.xcdatamodeld in Sources */,
				1837A9CC2A37BD9900AD8BCD /* DynamicallyFiltering_FetchRequestWithSwiftUIApp.swift in Sources */,
				1837A9E32A37C18400AD8BCD /* FilteredList.swift in Sources */,
			);
			runOnlyForDeploymentPostprocessing = 0;
		};
/* End PBXSourcesBuildPhase section */

/* Begin XCBuildConfiguration section */
		1837A9D42A37BD9D00AD8BCD /* Debug */ = {
			isa = XCBuildConfiguration;
			buildSettings = {
				ALWAYS_SEARCH_USER_PATHS = NO;
				CLANG_ANALYZER_NONNULL = YES;
				CLANG_ANALYZER_NUMBER_OBJECT_CONVERSION = YES_AGGRESSIVE;
				CLANG_CXX_LANGUAGE_STANDARD = "gnu++20";
				CLANG_ENABLE_MODULES = YES;
				CLANG_ENABLE_OBJC_ARC = YES;
				CLANG_ENABLE_OBJC_WEAK = YES;
				CLANG_WARN_BLOCK_CAPTURE_AUTORELEASING = YES;
				CLANG_WARN_BOOL_CONVERSION = YES;
				CLANG_WARN_COMMA = YES;
				CLANG_WARN_CONSTANT_CONVERSION = YES;
				CLANG_WARN_DEPRECATED_OBJC_IMPLEMENTATIONS = YES;
				CLANG_WARN_DIRECT_OBJC_ISA_USAGE = YES_ERROR;
				CLANG_WARN_DOCUMENTATION_COMMENTS = YES;
				CLANG_WARN_EMPTY_BODY = YES;
				CLANG_WARN_ENUM_CONVERSION = YES;
				CLANG_WARN_INFINITE_RECURSION = YES;
				CLANG_WARN_INT_CONVERSION = YES;
				CLANG_WARN_NON_LITERAL_NULL_CONVERSION = YES;
				CLANG_WARN_OBJC_IMPLICIT_RETAIN_SELF = YES;
				CLANG_WARN_OBJC_LITERAL_CONVERSION = YES;
				CLANG_WARN_OBJC_ROOT_CLASS = YES_ERROR;
				CLANG_WARN_QUOTED_INCLUDE_IN_FRAMEWORK_HEADER = YES;
				CLANG_WARN_RANGE_LOOP_ANALYSIS = YES;
				CLANG_WARN_STRICT_PROTOTYPES = YES;
				CLANG_WARN_SUSPICIOUS_MOVE = YES;
				CLANG_WARN_UNGUARDED_AVAILABILITY = YES_AGGRESSIVE;
				CLANG_WARN_UNREACHABLE_CODE = YES;
				CLANG_WARN__DUPLICATE_METHOD_MATCH = YES;
				COPY_PHASE_STRIP = NO;
				DEBUG_INFORMATION_FORMAT = dwarf;
				ENABLE_STRICT_OBJC_MSGSEND = YES;
				ENABLE_TESTABILITY = YES;
				GCC_C_LANGUAGE_STANDARD = gnu11;
				GCC_DYNAMIC_NO_PIC = NO;
				GCC_NO_COMMON_BLOCKS = YES;
				GCC_OPTIMIZATION_LEVEL = 0;
				GCC_PREPROCESSOR_DEFINITIONS = (
					"DEBUG=1",
					"$(inherited)",
				);
				GCC_WARN_64_TO_32_BIT_CONVERSION = YES;
				GCC_WARN_ABOUT_RETURN_TYPE = YES_ERROR;
				GCC_WARN_UNDECLARED_SELECTOR = YES;
				GCC_WARN_UNINITIALIZED_AUTOS = YES_AGGRESSIVE;
				GCC_WARN_UNUSED_FUNCTION = YES;
				GCC_WARN_UNUSED_VARIABLE = YES;
				IPHONEOS_DEPLOYMENT_TARGET = 16.4;
				MTL_ENABLE_DEBUG_INFO = INCLUDE_SOURCE;
				MTL_FAST_MATH = YES;
				ONLY_ACTIVE_ARCH = YES;
				SDKROOT = iphoneos;
				SWIFT_ACTIVE_COMPILATION_CONDITIONS = DEBUG;
				SWIFT_OPTIMIZATION_LEVEL = "-Onone";
			};
			name = Debug;
		};
		1837A9D52A37BD9D00AD8BCD /* Release */ = {
			isa = XCBuildConfiguration;
			buildSettings = {
				ALWAYS_SEARCH_USER_PATHS = NO;
				CLANG_ANALYZER_NONNULL = YES;
				CLANG_ANALYZER_NUMBER_OBJECT_CONVERSION = YES_AGGRESSIVE;
				CLANG_CXX_LANGUAGE_STANDARD = "gnu++20";
				CLANG_ENABLE_MODULES = YES;
				CLANG_ENABLE_OBJC_ARC = YES;
				CLANG_ENABLE_OBJC_WEAK = YES;
				CLANG_WARN_BLOCK_CAPTURE_AUTORELEASING = YES;
				CLANG_WARN_BOOL_CONVERSION = YES;
				CLANG_WARN_COMMA = YES;
				CLANG_WARN_CONSTANT_CONVERSION = YES;
				CLANG_WARN_DEPRECATED_OBJC_IMPLEMENTATIONS = YES;
				CLANG_WARN_DIRECT_OBJC_ISA_USAGE = YES_ERROR;
				CLANG_WARN_DOCUMENTATION_COMMENTS = YES;
				CLANG_WARN_EMPTY_BODY = YES;
				CLANG_WARN_ENUM_CONVERSION = YES;
				CLANG_WARN_INFINITE_RECURSION = YES;
				CLANG_WARN_INT_CONVERSION = YES;
				CLANG_WARN_NON_LITERAL_NULL_CONVERSION = YES;
				CLANG_WARN_OBJC_IMPLICIT_RETAIN_SELF = YES;
				CLANG_WARN_OBJC_LITERAL_CONVERSION = YES;
				CLANG_WARN_OBJC_ROOT_CLASS = YES_ERROR;
				CLANG_WARN_QUOTED_INCLUDE_IN_FRAMEWORK_HEADER = YES;
				CLANG_WARN_RANGE_LOOP_ANALYSIS = YES;
				CLANG_WARN_STRICT_PROTOTYPES = YES;
				CLANG_WARN_SUSPICIOUS_MOVE = YES;
				CLANG_WARN_UNGUARDED_AVAILABILITY = YES_AGGRESSIVE;
				CLANG_WARN_UNREACHABLE_CODE = YES;
				CLANG_WARN__DUPLICATE_METHOD_MATCH = YES;
				COPY_PHASE_STRIP = NO;
				DEBUG_INFORMATION_FORMAT = "dwarf-with-dsym";
				ENABLE_NS_ASSERTIONS = NO;
				ENABLE_STRICT_OBJC_MSGSEND = YES;
				GCC_C_LANGUAGE_STANDARD = gnu11;
				GCC_NO_COMMON_BLOCKS = YES;
				GCC_WARN_64_TO_32_BIT_CONVERSION = YES;
				GCC_WARN_ABOUT_RETURN_TYPE = YES_ERROR;
				GCC_WARN_UNDECLARED_SELECTOR = YES;
				GCC_WARN_UNINITIALIZED_AUTOS = YES_AGGRESSIVE;
				GCC_WARN_UNUSED_FUNCTION = YES;
				GCC_WARN_UNUSED_VARIABLE = YES;
				IPHONEOS_DEPLOYMENT_TARGET = 16.4;
				MTL_ENABLE_DEBUG_INFO = NO;
				MTL_FAST_MATH = YES;
				SDKROOT = iphoneos;
				SWIFT_COMPILATION_MODE = wholemodule;
				SWIFT_OPTIMIZATION_LEVEL = "-O";
				VALIDATE_PRODUCT = YES;
			};
			name = Release;
		};
		1837A9D72A37BD9D00AD8BCD /* Debug */ = {
			isa = XCBuildConfiguration;
			buildSettings = {
				ASSETCATALOG_COMPILER_APPICON_NAME = AppIcon;
				ASSETCATALOG_COMPILER_GLOBAL_ACCENT_COLOR_NAME = AccentColor;
				CODE_SIGN_STYLE = Automatic;
				CURRENT_PROJECT_VERSION = 1;
				DEVELOPMENT_ASSET_PATHS = "\"DynamicallyFiltering@FetchRequestWithSwiftUI/Preview Content\"";
				DEVELOPMENT_TEAM = QEGAMCA563;
				ENABLE_PREVIEWS = YES;
				GENERATE_INFOPLIST_FILE = YES;
				INFOPLIST_KEY_UIApplicationSceneManifest_Generation = YES;
				INFOPLIST_KEY_UIApplicationSupportsIndirectInputEvents = YES;
				INFOPLIST_KEY_UILaunchScreen_Generation = YES;
				INFOPLIST_KEY_UISupportedInterfaceOrientations_iPad = "UIInterfaceOrientationPortrait UIInterfaceOrientationPortraitUpsideDown UIInterfaceOrientationLandscapeLeft UIInterfaceOrientationLandscapeRight";
				INFOPLIST_KEY_UISupportedInterfaceOrientations_iPhone = "UIInterfaceOrientationPortrait UIInterfaceOrientationLandscapeLeft UIInterfaceOrientationLandscapeRight";
				LD_RUNPATH_SEARCH_PATHS = (
					"$(inherited)",
					"@executable_path/Frameworks",
				);
				MARKETING_VERSION = 1.0;
				PRODUCT_BUNDLE_IDENTIFIER = "com.jamesarmer.DynamicallyFiltering-FetchRequestWithSwiftUI";
				PRODUCT_NAME = "$(TARGET_NAME)";
				SWIFT_EMIT_LOC_STRINGS = YES;
				SWIFT_VERSION = 5.0;
				TARGETED_DEVICE_FAMILY = "1,2";
			};
			name = Debug;
		};
		1837A9D82A37BD9D00AD8BCD /* Release */ = {
			isa = XCBuildConfiguration;
			buildSettings = {
				ASSETCATALOG_COMPILER_APPICON_NAME = AppIcon;
				ASSETCATALOG_COMPILER_GLOBAL_ACCENT_COLOR_NAME = AccentColor;
				CODE_SIGN_STYLE = Automatic;
				CURRENT_PROJECT_VERSION = 1;
				DEVELOPMENT_ASSET_PATHS = "\"DynamicallyFiltering@FetchRequestWithSwiftUI/Preview Content\"";
				DEVELOPMENT_TEAM = QEGAMCA563;
				ENABLE_PREVIEWS = YES;
				GENERATE_INFOPLIST_FILE = YES;
				INFOPLIST_KEY_UIApplicationSceneManifest_Generation = YES;
				INFOPLIST_KEY_UIApplicationSupportsIndirectInputEvents = YES;
				INFOPLIST_KEY_UILaunchScreen_Generation = YES;
				INFOPLIST_KEY_UISupportedInterfaceOrientations_iPad = "UIInterfaceOrientationPortrait UIInterfaceOrientationPortraitUpsideDown UIInterfaceOrientationLandscapeLeft UIInterfaceOrientationLandscapeRight";
				INFOPLIST_KEY_UISupportedInterfaceOrientations_iPhone = "UIInterfaceOrientationPortrait UIInterfaceOrientationLandscapeLeft UIInterfaceOrientationLandscapeRight";
				LD_RUNPATH_SEARCH_PATHS = (
					"$(inherited)",
					"@executable_path/Frameworks",
				);
				MARKETING_VERSION = 1.0;
				PRODUCT_BUNDLE_IDENTIFIER = "com.jamesarmer.DynamicallyFiltering-FetchRequestWithSwiftUI";
				PRODUCT_NAME = "$(TARGET_NAME)";
				SWIFT_EMIT_LOC_STRINGS = YES;
				SWIFT_VERSION = 5.0;
				TARGETED_DEVICE_FAMILY = "1,2";
			};
			name = Release;
		};
/* End XCBuildConfiguration section */

/* Begin XCConfigurationList section */
		1837A9C32A37BD9900AD8BCD /* Build configuration list for PBXProject "DynamicallyFiltering@FetchRequestWithSwiftUI" */ = {
			isa = XCConfigurationList;
			buildConfigurations = (
				1837A9D42A37BD9D00AD8BCD /* Debug */,
				1837A9D52A37BD9D00AD8BCD /* Release */,
			);
			defaultConfigurationIsVisible = 0;
			defaultConfigurationName = Release;
		};
		1837A9D62A37BD9D00AD8BCD /* Build configuration list for PBXNativeTarget "DynamicallyFiltering@FetchRequestWithSwiftUI" */ = {
			isa = XCConfigurationList;
			buildConfigurations = (
				1837A9D72A37BD9D00AD8BCD /* Debug */,
				1837A9D82A37BD9D00AD8BCD /* Release */,
			);
			defaultConfigurationIsVisible = 0;
			defaultConfigurationName = Release;
		};
/* End XCConfigurationList section */

/* Begin XCVersionGroup section */
		1837A9DB2A37BF2000AD8BCD /* CoreDataProject.xcdatamodeld */ = {
			isa = XCVersionGroup;
			children = (
				1837A9DC2A37BF2000AD8BCD /* CoreDataProject.xcdatamodel */,
			);
			currentVersion = 1837A9DC2A37BF2000AD8BCD /* CoreDataProject.xcdatamodel */;
			path = CoreDataProject.xcdatamodeld;
			sourceTree = "<group>";
			versionGroupType = wrapper.xcdatamodel;
		};
/* End XCVersionGroup section */
	};
	rootObject = 1837A9C02A37BD9900AD8BCD /* Project object */;
}
