// !$*UTF8*$!
{
	archiveVersion = 1;
	classes = {
	};
	objectVersion = 56;
	objects = {

/* Begin PBXBuildFile section */
		18779AE82A35239B00E59125 /* CreatingNSManagedObjectSubclassesApp.swift in Sources */ = {isa = PBXBuildFile; fileRef = 18779AE72A35239B00E59125 /* CreatingNSManagedObjectSubclassesApp.swift */; };
		18779AEA2A35239B00E59125 /* ContentView.swift in Sources */ = {isa = PBXBuildFile; fileRef = 18779AE92A35239B00E59125 /* ContentView.swift */; };
		18779AEC2A35239E00E59125 /* Assets.xcassets in Resources */ = {isa = PBXBuildFile; fileRef = 18779AEB2A35239E00E59125 /* Assets.xcassets */; };
		18779AEF2A35239E00E59125 /* Preview Assets.xcassets in Resources */ = {isa = PBXBuildFile; fileRef = 18779AEE2A35239E00E59125 /* Preview Assets.xcassets */; };
		18779AF62A35241C00E59125 /* DataController.swift in Sources */ = {isa = PBXBuildFile; fileRef = 18779AF52A35241C00E59125 /* DataController.swift */; };
		18779AF92A35244000E59125 /* CoreDataProject.xcdatamodeld in Sources */ = {isa = PBXBuildFile; fileRef = 18779AF72A35244000E59125 /* CoreDataProject.xcdatamodeld */; };
		18779AFC2A3524EF00E59125 /* Movie+CoreDataClass.swift in Sources */ = {isa = PBXBuildFile; fileRef = 18779AFA2A3524EF00E59125 /* Movie+CoreDataClass.swift */; };
		18779AFD2A3524EF00E59125 /* Movie+CoreDataProperties.swift in Sources */ = {isa = PBXBuildFile; fileRef = 18779AFB2A3524EF00E59125 /* Movie+CoreDataProperties.swift */; };
/* End PBXBuildFile section */

/* Begin PBXFileReference section */
		18779AE42A35239B00E59125 /* CreatingNSManagedObjectSubclasses.app */ = {isa = PBXFileReference; explicitFileType = wrapper.application; includeInIndex = 0; path = CreatingNSManagedObjectSubclasses.app; sourceTree = BUILT_PRODUCTS_DIR; };
		18779AE72A35239B00E59125 /* CreatingNSManagedObjectSubclassesApp.swift */ = {isa = PBXFileReference; lastKnownFileType = sourcecode.swift; path = CreatingNSManagedObjectSubclassesApp.swift; sourceTree = "<group>"; };
		18779AE92A35239B00E59125 /* ContentView.swift */ = {isa = PBXFileReference; lastKnownFileType = sourcecode.swift; path = ContentView.swift; sourceTree = "<group>"; };
		18779AEB2A35239E00E59125 /* Assets.xcassets */ = {isa = PBXFileReference; lastKnownFileType = folder.assetcatalog; path = Assets.xcassets; sourceTree = "<group>"; };
		18779AEE2A35239E00E59125 /* Preview Assets.xcassets */ = {isa = PBXFileReference; lastKnownFileType = folder.assetcatalog; path = "Preview Assets.xcassets"; sourceTree = "<group>"; };
		18779AF52A35241C00E59125 /* DataController.swift */ = {isa = PBXFileReference; lastKnownFileType = sourcecode.swift; path = DataController.swift; sourceTree = "<group>"; };
		18779AF82A35244000E59125 /* CoreDataProject.xcdatamodel */ = {isa = PBXFileReference; lastKnownFileType = wrapper.xcdatamodel; path = CoreDataProject.xcdatamodel; sourceTree = "<group>"; };
		18779AFA2A3524EF00E59125 /* Movie+CoreDataClass.swift */ = {isa = PBXFileReference; lastKnownFileType = sourcecode.swift; path = "Movie+CoreDataClass.swift"; sourceTree = "<group>"; };
		18779AFB2A3524EF00E59125 /* Movie+CoreDataProperties.swift */ = {isa = PBXFileReference; lastKnownFileType = sourcecode.swift; path = "Movie+CoreDataProperties.swift"; sourceTree = "<group>"; };
/* End PBXFileReference section */

/* Begin PBXFrameworksBuildPhase section */
		18779AE12A35239B00E59125 /* Frameworks */ = {
			isa = PBXFrameworksBuildPhase;
			buildActionMask = 2147483647;
			files = (
			);
			runOnlyForDeploymentPostprocessing = 0;
		};
/* End PBXFrameworksBuildPhase section */

/* Begin PBXGroup section */
		18779ADB2A35239B00E59125 = {
			isa = PBXGroup;
			children = (
				18779AFA2A3524EF00E59125 /* Movie+CoreDataClass.swift */,
				18779AE62A35239B00E59125 /* CreatingNSManagedObjectSubclasses */,
				18779AE52A35239B00E59125 /* Products */,
			);
			sourceTree = "<group>";
		};
		18779AE52A35239B00E59125 /* Products */ = {
			isa = PBXGroup;
			children = (
				18779AE42A35239B00E59125 /* CreatingNSManagedObjectSubclasses.app */,
			);
			name = Products;
			sourceTree = "<group>";
		};
		18779AE62A35239B00E59125 /* CreatingNSManagedObjectSubclasses */ = {
			isa = PBXGroup;
			children = (
				18779AE72A35239B00E59125 /* CreatingNSManagedObjectSubclassesApp.swift */,
				18779AFB2A3524EF00E59125 /* Movie+CoreDataProperties.swift */,
				18779AE92A35239B00E59125 /* ContentView.swift */,
				18779AF52A35241C00E59125 /* DataController.swift */,
				18779AF72A35244000E59125 /* CoreDataProject.xcdatamodeld */,
				18779AEB2A35239E00E59125 /* Assets.xcassets */,
				18779AED2A35239E00E59125 /* Preview Content */,
			);
			path = CreatingNSManagedObjectSubclasses;
			sourceTree = "<group>";
		};
		18779AED2A35239E00E59125 /* Preview Content */ = {
			isa = PBXGroup;
			children = (
				18779AEE2A35239E00E59125 /* Preview Assets.xcassets */,
			);
			path = "Preview Content";
			sourceTree = "<group>";
		};
/* End PBXGroup section */

/* Begin PBXNativeTarget section */
		18779AE32A35239B00E59125 /* CreatingNSManagedObjectSubclasses */ = {
			isa = PBXNativeTarget;
			buildConfigurationList = 18779AF22A35239E00E59125 /* Build configuration list for PBXNativeTarget "CreatingNSManagedObjectSubclasses" */;
			buildPhases = (
				18779AE02A35239B00E59125 /* Sources */,
				18779AE12A35239B00E59125 /* Frameworks */,
				18779AE22A35239B00E59125 /* Resources */,
			);
			buildRules = (
			);
			dependencies = (
			);
			name = CreatingNSManagedObjectSubclasses;
			productName = CreatingNSManagedObjectSubclasses;
			productReference = 18779AE42A35239B00E59125 /* CreatingNSManagedObjectSubclasses.app */;
			productType = "com.apple.product-type.application";
		};
/* End PBXNativeTarget section */

/* Begin PBXProject section */
		18779ADC2A35239B00E59125 /* Project object */ = {
			isa = PBXProject;
			attributes = {
				BuildIndependentTargetsInParallel = 1;
				LastSwiftUpdateCheck = 1430;
				LastUpgradeCheck = 1430;
				TargetAttributes = {
					18779AE32A35239B00E59125 = {
						CreatedOnToolsVersion = 14.3;
					};
				};
			};
			buildConfigurationList = 18779ADF2A35239B00E59125 /* Build configuration list for PBXProject "CreatingNSManagedObjectSubclasses" */;
			compatibilityVersion = "Xcode 14.0";
			developmentRegion = en;
			hasScannedForEncodings = 0;
			knownRegions = (
				en,
				Base,
			);
			mainGroup = 18779ADB2A35239B00E59125;
			productRefGroup = 18779AE52A35239B00E59125 /* Products */;
			projectDirPath = "";
			projectRoot = "";
			targets = (
				18779AE32A35239B00E59125 /* CreatingNSManagedObjectSubclasses */,
			);
		};
/* End PBXProject section */

/* Begin PBXResourcesBuildPhase section */
		18779AE22A35239B00E59125 /* Resources */ = {
			isa = PBXResourcesBuildPhase;
			buildActionMask = 2147483647;
			files = (
				18779AEF2A35239E00E59125 /* Preview Assets.xcassets in Resources */,
				18779AEC2A35239E00E59125 /* Assets.xcassets in Resources */,
			);
			runOnlyForDeploymentPostprocessing = 0;
		};
/* End PBXResourcesBuildPhase section */

/* Begin PBXSourcesBuildPhase section */
		18779AE02A35239B00E59125 /* Sources */ = {
			isa = PBXSourcesBuildPhase;
			buildActionMask = 2147483647;
			files = (
				18779AEA2A35239B00E59125 /* ContentView.swift in Sources */,
				18779AF62A35241C00E59125 /* DataController.swift in Sources */,
				18779AF92A35244000E59125 /* CoreDataProject.xcdatamodeld in Sources */,
				18779AFC2A3524EF00E59125 /* Movie+CoreDataClass.swift in Sources */,
				18779AFD2A3524EF00E59125 /* Movie+CoreDataProperties.swift in Sources */,
				18779AE82A35239B00E59125 /* CreatingNSManagedObjectSubclassesApp.swift in Sources */,
			);
			runOnlyForDeploymentPostprocessing = 0;
		};
/* End PBXSourcesBuildPhase section */

/* Begin XCBuildConfiguration section */
		18779AF02A35239E00E59125 /* Debug */ = {
			isa = XCBuildConfiguration;
			buildSettings = {
				ALWAYS_SEARCH_USER_PATHS = NO;
				CLANG_ANALYZER_NONNULL = YES;
				CLANG_ANALYZER_NUMBER_OBJECT_CONVERSION = YES_AGGRESSIVE;
				CLANG_CXX_LANGUAGE_STANDARD = "gnu++20";
				CLANG_ENABLE_MODULES = YES;
				CLANG_ENABLE_OBJC_ARC = YES;
				CLANG_ENABLE_OBJC_WEAK = YES;
				CLANG_WARN_BLOCK_CAPTURE_AUTORELEASING = YES;
				CLANG_WARN_BOOL_CONVERSION = YES;
				CLANG_WARN_COMMA = YES;
				CLANG_WARN_CONSTANT_CONVERSION = YES;
				CLANG_WARN_DEPRECATED_OBJC_IMPLEMENTATIONS = YES;
				CLANG_WARN_DIRECT_OBJC_ISA_USAGE = YES_ERROR;
				CLANG_WARN_DOCUMENTATION_COMMENTS = YES;
				CLANG_WARN_EMPTY_BODY = YES;
				CLANG_WARN_ENUM_CONVERSION = YES;
				CLANG_WARN_INFINITE_RECURSION = YES;
				CLANG_WARN_INT_CONVERSION = YES;
				CLANG_WARN_NON_LITERAL_NULL_CONVERSION = YES;
				CLANG_WARN_OBJC_IMPLICIT_RETAIN_SELF = YES;
				CLANG_WARN_OBJC_LITERAL_CONVERSION = YES;
				CLANG_WARN_OBJC_ROOT_CLASS = YES_ERROR;
				CLANG_WARN_QUOTED_INCLUDE_IN_FRAMEWORK_HEADER = YES;
				CLANG_WARN_RANGE_LOOP_ANALYSIS = YES;
				CLANG_WARN_STRICT_PROTOTYPES = YES;
				CLANG_WARN_SUSPICIOUS_MOVE = YES;
				CLANG_WARN_UNGUARDED_AVAILABILITY = YES_AGGRESSIVE;
				CLANG_WARN_UNREACHABLE_CODE = YES;
				CLANG_WARN__DUPLICATE_METHOD_MATCH = YES;
				COPY_PHASE_STRIP = NO;
				DEBUG_INFORMATION_FORMAT = dwarf;
				ENABLE_STRICT_OBJC_MSGSEND = YES;
				ENABLE_TESTABILITY = YES;
				GCC_C_LANGUAGE_STANDARD = gnu11;
				GCC_DYNAMIC_NO_PIC = NO;
				GCC_NO_COMMON_BLOCKS = YES;
				GCC_OPTIMIZATION_LEVEL = 0;
				GCC_PREPROCESSOR_DEFINITIONS = (
					"DEBUG=1",
					"$(inherited)",
				);
				GCC_WARN_64_TO_32_BIT_CONVERSION = YES;
				GCC_WARN_ABOUT_RETURN_TYPE = YES_ERROR;
				GCC_WARN_UNDECLARED_SELECTOR = YES;
				GCC_WARN_UNINITIALIZED_AUTOS = YES_AGGRESSIVE;
				GCC_WARN_UNUSED_FUNCTION = YES;
				GCC_WARN_UNUSED_VARIABLE = YES;
				IPHONEOS_DEPLOYMENT_TARGET = 16.4;
				MTL_ENABLE_DEBUG_INFO = INCLUDE_SOURCE;
				MTL_FAST_MATH = YES;
				ONLY_ACTIVE_ARCH = YES;
				SDKROOT = iphoneos;
				SWIFT_ACTIVE_COMPILATION_CONDITIONS = DEBUG;
				SWIFT_OPTIMIZATION_LEVEL = "-Onone";
			};
			name = Debug;
		};
		18779AF12A35239E00E59125 /* Release */ = {
			isa = XCBuildConfiguration;
			buildSettings = {
				ALWAYS_SEARCH_USER_PATHS = NO;
				CLANG_ANALYZER_NONNULL = YES;
				CLANG_ANALYZER_NUMBER_OBJECT_CONVERSION = YES_AGGRESSIVE;
				CLANG_CXX_LANGUAGE_STANDARD = "gnu++20";
				CLANG_ENABLE_MODULES = YES;
				CLANG_ENABLE_OBJC_ARC = YES;
				CLANG_ENABLE_OBJC_WEAK = YES;
				CLANG_WARN_BLOCK_CAPTURE_AUTORELEASING = YES;
				CLANG_WARN_BOOL_CONVERSION = YES;
				CLANG_WARN_COMMA = YES;
				CLANG_WARN_CONSTANT_CONVERSION = YES;
				CLANG_WARN_DEPRECATED_OBJC_IMPLEMENTATIONS = YES;
				CLANG_WARN_DIRECT_OBJC_ISA_USAGE = YES_ERROR;
				CLANG_WARN_DOCUMENTATION_COMMENTS = YES;
				CLANG_WARN_EMPTY_BODY = YES;
				CLANG_WARN_ENUM_CONVERSION = YES;
				CLANG_WARN_INFINITE_RECURSION = YES;
				CLANG_WARN_INT_CONVERSION = YES;
				CLANG_WARN_NON_LITERAL_NULL_CONVERSION = YES;
				CLANG_WARN_OBJC_IMPLICIT_RETAIN_SELF = YES;
				CLANG_WARN_OBJC_LITERAL_CONVERSION = YES;
				CLANG_WARN_OBJC_ROOT_CLASS = YES_ERROR;
				CLANG_WARN_QUOTED_INCLUDE_IN_FRAMEWORK_HEADER = YES;
				CLANG_WARN_RANGE_LOOP_ANALYSIS = YES;
				CLANG_WARN_STRICT_PROTOTYPES = YES;
				CLANG_WARN_SUSPICIOUS_MOVE = YES;
				CLANG_WARN_UNGUARDED_AVAILABILITY = YES_AGGRESSIVE;
				CLANG_WARN_UNREACHABLE_CODE = YES;
				CLANG_WARN__DUPLICATE_METHOD_MATCH = YES;
				COPY_PHASE_STRIP = NO;
				DEBUG_INFORMATION_FORMAT = "dwarf-with-dsym";
				ENABLE_NS_ASSERTIONS = NO;
				ENABLE_STRICT_OBJC_MSGSEND = YES;
				GCC_C_LANGUAGE_STANDARD = gnu11;
				GCC_NO_COMMON_BLOCKS = YES;
				GCC_WARN_64_TO_32_BIT_CONVERSION = YES;
				GCC_WARN_ABOUT_RETURN_TYPE = YES_ERROR;
				GCC_WARN_UNDECLARED_SELECTOR = YES;
				GCC_WARN_UNINITIALIZED_AUTOS = YES_AGGRESSIVE;
				GCC_WARN_UNUSED_FUNCTION = YES;
				GCC_WARN_UNUSED_VARIABLE = YES;
				IPHONEOS_DEPLOYMENT_TARGET = 16.4;
				MTL_ENABLE_DEBUG_INFO = NO;
				MTL_FAST_MATH = YES;
				SDKROOT = iphoneos;
				SWIFT_COMPILATION_MODE = wholemodule;
				SWIFT_OPTIMIZATION_LEVEL = "-O";
				VALIDATE_PRODUCT = YES;
			};
			name = Release;
		};
		18779AF32A35239E00E59125 /* Debug */ = {
			isa = XCBuildConfiguration;
			buildSettings = {
				ASSETCATALOG_COMPILER_APPICON_NAME = AppIcon;
				ASSETCATALOG_COMPILER_GLOBAL_ACCENT_COLOR_NAME = AccentColor;
				CODE_SIGN_STYLE = Automatic;
				CURRENT_PROJECT_VERSION = 1;
				DEVELOPMENT_ASSET_PATHS = "\"CreatingNSManagedObjectSubclasses/Preview Content\"";
				DEVELOPMENT_TEAM = QEGAMCA563;
				ENABLE_PREVIEWS = YES;
				GENERATE_INFOPLIST_FILE = YES;
				INFOPLIST_KEY_UIApplicationSceneManifest_Generation = YES;
				INFOPLIST_KEY_UIApplicationSupportsIndirectInputEvents = YES;
				INFOPLIST_KEY_UILaunchScreen_Generation = YES;
				INFOPLIST_KEY_UISupportedInterfaceOrientations_iPad = "UIInterfaceOrientationPortrait UIInterfaceOrientationPortraitUpsideDown UIInterfaceOrientationLandscapeLeft UIInterfaceOrientationLandscapeRight";
				INFOPLIST_KEY_UISupportedInterfaceOrientations_iPhone = "UIInterfaceOrientationPortrait UIInterfaceOrientationLandscapeLeft UIInterfaceOrientationLandscapeRight";
				LD_RUNPATH_SEARCH_PATHS = (
					"$(inherited)",
					"@executable_path/Frameworks",
				);
				MARKETING_VERSION = 1.0;
				PRODUCT_BUNDLE_IDENTIFIER = com.jamesarmer.CreatingNSManagedObjectSubclasses;
				PRODUCT_NAME = "$(TARGET_NAME)";
				SWIFT_EMIT_LOC_STRINGS = YES;
				SWIFT_VERSION = 5.0;
				TARGETED_DEVICE_FAMILY = "1,2";
			};
			name = Debug;
		};
		18779AF42A35239E00E59125 /* Release */ = {
			isa = XCBuildConfiguration;
			buildSettings = {
				ASSETCATALOG_COMPILER_APPICON_NAME = AppIcon;
				ASSETCATALOG_COMPILER_GLOBAL_ACCENT_COLOR_NAME = AccentColor;
				CODE_SIGN_STYLE = Automatic;
				CURRENT_PROJECT_VERSION = 1;
				DEVELOPMENT_ASSET_PATHS = "\"CreatingNSManagedObjectSubclasses/Preview Content\"";
				DEVELOPMENT_TEAM = QEGAMCA563;
				ENABLE_PREVIEWS = YES;
				GENERATE_INFOPLIST_FILE = YES;
				INFOPLIST_KEY_UIApplicationSceneManifest_Generation = YES;
				INFOPLIST_KEY_UIApplicationSupportsIndirectInputEvents = YES;
				INFOPLIST_KEY_UILaunchScreen_Generation = YES;
				INFOPLIST_KEY_UISupportedInterfaceOrientations_iPad = "UIInterfaceOrientationPortrait UIInterfaceOrientationPortraitUpsideDown UIInterfaceOrientationLandscapeLeft UIInterfaceOrientationLandscapeRight";
				INFOPLIST_KEY_UISupportedInterfaceOrientations_iPhone = "UIInterfaceOrientationPortrait UIInterfaceOrientationLandscapeLeft UIInterfaceOrientationLandscapeRight";
				LD_RUNPATH_SEARCH_PATHS = (
					"$(inherited)",
					"@executable_path/Frameworks",
				);
				MARKETING_VERSION = 1.0;
				PRODUCT_BUNDLE_IDENTIFIER = com.jamesarmer.CreatingNSManagedObjectSubclasses;
				PRODUCT_NAME = "$(TARGET_NAME)";
				SWIFT_EMIT_LOC_STRINGS = YES;
				SWIFT_VERSION = 5.0;
				TARGETED_DEVICE_FAMILY = "1,2";
			};
			name = Release;
		};
/* End XCBuildConfiguration section */

/* Begin XCConfigurationList section */
		18779ADF2A35239B00E59125 /* Build configuration list for PBXProject "CreatingNSManagedObjectSubclasses" */ = {
			isa = XCConfigurationList;
			buildConfigurations = (
				18779AF02A35239E00E59125 /* Debug */,
				18779AF12A35239E00E59125 /* Release */,
			);
			defaultConfigurationIsVisible = 0;
			defaultConfigurationName = Release;
		};
		18779AF22A35239E00E59125 /* Build configuration list for PBXNativeTarget "CreatingNSManagedObjectSubclasses" */ = {
			isa = XCConfigurationList;
			buildConfigurations = (
				18779AF32A35239E00E59125 /* Debug */,
				18779AF42A35239E00E59125 /* Release */,
			);
			defaultConfigurationIsVisible = 0;
			defaultConfigurationName = Release;
		};
/* End XCConfigurationList section */

/* Begin XCVersionGroup section */
		18779AF72A35244000E59125 /* CoreDataProject.xcdatamodeld */ = {
			isa = XCVersionGroup;
			children = (
				18779AF82A35244000E59125 /* CoreDataProject.xcdatamodel */,
			);
			currentVersion = 18779AF82A35244000E59125 /* CoreDataProject.xcdatamodel */;
			path = CoreDataProject.xcdatamodeld;
			sourceTree = "<group>";
			versionGroupType = wrapper.xcdatamodel;
		};
/* End XCVersionGroup section */
	};
	rootObject = 18779ADC2A35239B00E59125 /* Project object */;
}
