// !$*UTF8*$!
{
	archiveVersion = 1;
	classes = {
	};
	objectVersion = 56;
	objects = {

/* Begin PBXBuildFile section */
		18F8D7072A1C137700FA21CE /* ShowingMissionDetailsWithScrollViewAndGeometryReaderApp.swift in Sources */ = {isa = PBXBuildFile; fileRef = 18F8D7062A1C137700FA21CE /* ShowingMissionDetailsWithScrollViewAndGeometryReaderApp.swift */; };
		18F8D7092A1C137700FA21CE /* ContentView.swift in Sources */ = {isa = PBXBuildFile; fileRef = 18F8D7082A1C137700FA21CE /* ContentView.swift */; };
		18F8D70B2A1C137A00FA21CE /* Assets.xcassets in Resources */ = {isa = PBXBuildFile; fileRef = 18F8D70A2A1C137A00FA21CE /* Assets.xcassets */; };
		18F8D70E2A1C137A00FA21CE /* Preview Assets.xcassets in Resources */ = {isa = PBXBuildFile; fileRef = 18F8D70D2A1C137A00FA21CE /* Preview Assets.xcassets */; };
		18F8D7152A1C139200FA21CE /* Color-Theme.swift in Sources */ = {isa = PBXBuildFile; fileRef = 18F8D7142A1C139200FA21CE /* Color-Theme.swift */; };
		18F8D7172A1C13AC00FA21CE /* Astronauts.swift in Sources */ = {isa = PBXBuildFile; fileRef = 18F8D7162A1C13AC00FA21CE /* Astronauts.swift */; };
		18F8D7192A1C13BA00FA21CE /* CrewRole.swift in Sources */ = {isa = PBXBuildFile; fileRef = 18F8D7182A1C13BA00FA21CE /* CrewRole.swift */; };
		18F8D71B2A1C13CA00FA21CE /* Bundle-Decodable.swift in Sources */ = {isa = PBXBuildFile; fileRef = 18F8D71A2A1C13CA00FA21CE /* Bundle-Decodable.swift */; };
		18F8D71E2A1C13FD00FA21CE /* astronauts.json in Resources */ = {isa = PBXBuildFile; fileRef = 18F8D71C2A1C13FC00FA21CE /* astronauts.json */; };
		18F8D71F2A1C13FD00FA21CE /* missions.json in Resources */ = {isa = PBXBuildFile; fileRef = 18F8D71D2A1C13FD00FA21CE /* missions.json */; };
		18F8D7212A1C160E00FA21CE /* MissionView.swift in Sources */ = {isa = PBXBuildFile; fileRef = 18F8D7202A1C160E00FA21CE /* MissionView.swift */; };
/* End PBXBuildFile section */

/* Begin PBXFileReference section */
		18F8D7032A1C137700FA21CE /* ShowingMissionDetailsWithScrollViewAndGeometryReader.app */ = {isa = PBXFileReference; explicitFileType = wrapper.application; includeInIndex = 0; path = ShowingMissionDetailsWithScrollViewAndGeometryReader.app; sourceTree = BUILT_PRODUCTS_DIR; };
		18F8D7062A1C137700FA21CE /* ShowingMissionDetailsWithScrollViewAndGeometryReaderApp.swift */ = {isa = PBXFileReference; lastKnownFileType = sourcecode.swift; path = ShowingMissionDetailsWithScrollViewAndGeometryReaderApp.swift; sourceTree = "<group>"; };
		18F8D7082A1C137700FA21CE /* ContentView.swift */ = {isa = PBXFileReference; lastKnownFileType = sourcecode.swift; path = ContentView.swift; sourceTree = "<group>"; };
		18F8D70A2A1C137A00FA21CE /* Assets.xcassets */ = {isa = PBXFileReference; lastKnownFileType = folder.assetcatalog; path = Assets.xcassets; sourceTree = "<group>"; };
		18F8D70D2A1C137A00FA21CE /* Preview Assets.xcassets */ = {isa = PBXFileReference; lastKnownFileType = folder.assetcatalog; path = "Preview Assets.xcassets"; sourceTree = "<group>"; };
		18F8D7142A1C139200FA21CE /* Color-Theme.swift */ = {isa = PBXFileReference; lastKnownFileType = sourcecode.swift; path = "Color-Theme.swift"; sourceTree = "<group>"; };
		18F8D7162A1C13AC00FA21CE /* Astronauts.swift */ = {isa = PBXFileReference; lastKnownFileType = sourcecode.swift; path = Astronauts.swift; sourceTree = "<group>"; };
		18F8D7182A1C13BA00FA21CE /* CrewRole.swift */ = {isa = PBXFileReference; lastKnownFileType = sourcecode.swift; path = CrewRole.swift; sourceTree = "<group>"; };
		18F8D71A2A1C13CA00FA21CE /* Bundle-Decodable.swift */ = {isa = PBXFileReference; lastKnownFileType = sourcecode.swift; path = "Bundle-Decodable.swift"; sourceTree = "<group>"; };
		18F8D71C2A1C13FC00FA21CE /* astronauts.json */ = {isa = PBXFileReference; fileEncoding = 4; lastKnownFileType = text.json; path = astronauts.json; sourceTree = "<group>"; };
		18F8D71D2A1C13FD00FA21CE /* missions.json */ = {isa = PBXFileReference; fileEncoding = 4; lastKnownFileType = text.json; path = missions.json; sourceTree = "<group>"; };
		18F8D7202A1C160E00FA21CE /* MissionView.swift */ = {isa = PBXFileReference; lastKnownFileType = sourcecode.swift; path = MissionView.swift; sourceTree = "<group>"; };
/* End PBXFileReference section */

/* Begin PBXFrameworksBuildPhase section */
		18F8D7002A1C137700FA21CE /* Frameworks */ = {
			isa = PBXFrameworksBuildPhase;
			buildActionMask = 2147483647;
			files = (
			);
			runOnlyForDeploymentPostprocessing = 0;
		};
/* End PBXFrameworksBuildPhase section */

/* Begin PBXGroup section */
		18F8D6FA2A1C137700FA21CE = {
			isa = PBXGroup;
			children = (
				18F8D7052A1C137700FA21CE /* ShowingMissionDetailsWithScrollViewAndGeometryReader */,
				18F8D7042A1C137700FA21CE /* Products */,
			);
			sourceTree = "<group>";
		};
		18F8D7042A1C137700FA21CE /* Products */ = {
			isa = PBXGroup;
			children = (
				18F8D7032A1C137700FA21CE /* ShowingMissionDetailsWithScrollViewAndGeometryReader.app */,
			);
			name = Products;
			sourceTree = "<group>";
		};
		18F8D7052A1C137700FA21CE /* ShowingMissionDetailsWithScrollViewAndGeometryReader */ = {
			isa = PBXGroup;
			children = (
				18F8D7062A1C137700FA21CE /* ShowingMissionDetailsWithScrollViewAndGeometryReaderApp.swift */,
				18F8D7082A1C137700FA21CE /* ContentView.swift */,
				18F8D7202A1C160E00FA21CE /* MissionView.swift */,
				18F8D7142A1C139200FA21CE /* Color-Theme.swift */,
				18F8D7162A1C13AC00FA21CE /* Astronauts.swift */,
				18F8D7182A1C13BA00FA21CE /* CrewRole.swift */,
				18F8D71A2A1C13CA00FA21CE /* Bundle-Decodable.swift */,
				18F8D71C2A1C13FC00FA21CE /* astronauts.json */,
				18F8D71D2A1C13FD00FA21CE /* missions.json */,
				18F8D70A2A1C137A00FA21CE /* Assets.xcassets */,
				18F8D70C2A1C137A00FA21CE /* Preview Content */,
			);
			path = ShowingMissionDetailsWithScrollViewAndGeometryReader;
			sourceTree = "<group>";
		};
		18F8D70C2A1C137A00FA21CE /* Preview Content */ = {
			isa = PBXGroup;
			children = (
				18F8D70D2A1C137A00FA21CE /* Preview Assets.xcassets */,
			);
			path = "Preview Content";
			sourceTree = "<group>";
		};
/* End PBXGroup section */

/* Begin PBXNativeTarget section */
		18F8D7022A1C137700FA21CE /* ShowingMissionDetailsWithScrollViewAndGeometryReader */ = {
			isa = PBXNativeTarget;
			buildConfigurationList = 18F8D7112A1C137A00FA21CE /* Build configuration list for PBXNativeTarget "ShowingMissionDetailsWithScrollViewAndGeometryReader" */;
			buildPhases = (
				18F8D6FF2A1C137700FA21CE /* Sources */,
				18F8D7002A1C137700FA21CE /* Frameworks */,
				18F8D7012A1C137700FA21CE /* Resources */,
			);
			buildRules = (
			);
			dependencies = (
			);
			name = ShowingMissionDetailsWithScrollViewAndGeometryReader;
			productName = ShowingMissionDetailsWithScrollViewAndGeometryReader;
			productReference = 18F8D7032A1C137700FA21CE /* ShowingMissionDetailsWithScrollViewAndGeometryReader.app */;
			productType = "com.apple.product-type.application";
		};
/* End PBXNativeTarget section */

/* Begin PBXProject section */
		18F8D6FB2A1C137700FA21CE /* Project object */ = {
			isa = PBXProject;
			attributes = {
				BuildIndependentTargetsInParallel = 1;
				LastSwiftUpdateCheck = 1430;
				LastUpgradeCheck = 1430;
				TargetAttributes = {
					18F8D7022A1C137700FA21CE = {
						CreatedOnToolsVersion = 14.3;
					};
				};
			};
			buildConfigurationList = 18F8D6FE2A1C137700FA21CE /* Build configuration list for PBXProject "ShowingMissionDetailsWithScrollViewAndGeometryReader" */;
			compatibilityVersion = "Xcode 14.0";
			developmentRegion = en;
			hasScannedForEncodings = 0;
			knownRegions = (
				en,
				Base,
			);
			mainGroup = 18F8D6FA2A1C137700FA21CE;
			productRefGroup = 18F8D7042A1C137700FA21CE /* Products */;
			projectDirPath = "";
			projectRoot = "";
			targets = (
				18F8D7022A1C137700FA21CE /* ShowingMissionDetailsWithScrollViewAndGeometryReader */,
			);
		};
/* End PBXProject section */

/* Begin PBXResourcesBuildPhase section */
		18F8D7012A1C137700FA21CE /* Resources */ = {
			isa = PBXResourcesBuildPhase;
			buildActionMask = 2147483647;
			files = (
				18F8D71E2A1C13FD00FA21CE /* astronauts.json in Resources */,
				18F8D70E2A1C137A00FA21CE /* Preview Assets.xcassets in Resources */,
				18F8D71F2A1C13FD00FA21CE /* missions.json in Resources */,
				18F8D70B2A1C137A00FA21CE /* Assets.xcassets in Resources */,
			);
			runOnlyForDeploymentPostprocessing = 0;
		};
/* End PBXResourcesBuildPhase section */

/* Begin PBXSourcesBuildPhase section */
		18F8D6FF2A1C137700FA21CE /* Sources */ = {
			isa = PBXSourcesBuildPhase;
			buildActionMask = 2147483647;
			files = (
				18F8D7212A1C160E00FA21CE /* MissionView.swift in Sources */,
				18F8D7092A1C137700FA21CE /* ContentView.swift in Sources */,
				18F8D7152A1C139200FA21CE /* Color-Theme.swift in Sources */,
				18F8D7072A1C137700FA21CE /* ShowingMissionDetailsWithScrollViewAndGeometryReaderApp.swift in Sources */,
				18F8D7172A1C13AC00FA21CE /* Astronauts.swift in Sources */,
				18F8D7192A1C13BA00FA21CE /* CrewRole.swift in Sources */,
				18F8D71B2A1C13CA00FA21CE /* Bundle-Decodable.swift in Sources */,
			);
			runOnlyForDeploymentPostprocessing = 0;
		};
/* End PBXSourcesBuildPhase section */

/* Begin XCBuildConfiguration section */
		18F8D70F2A1C137A00FA21CE /* Debug */ = {
			isa = XCBuildConfiguration;
			buildSettings = {
				ALWAYS_SEARCH_USER_PATHS = NO;
				CLANG_ANALYZER_NONNULL = YES;
				CLANG_ANALYZER_NUMBER_OBJECT_CONVERSION = YES_AGGRESSIVE;
				CLANG_CXX_LANGUAGE_STANDARD = "gnu++20";
				CLANG_ENABLE_MODULES = YES;
				CLANG_ENABLE_OBJC_ARC = YES;
				CLANG_ENABLE_OBJC_WEAK = YES;
				CLANG_WARN_BLOCK_CAPTURE_AUTORELEASING = YES;
				CLANG_WARN_BOOL_CONVERSION = YES;
				CLANG_WARN_COMMA = YES;
				CLANG_WARN_CONSTANT_CONVERSION = YES;
				CLANG_WARN_DEPRECATED_OBJC_IMPLEMENTATIONS = YES;
				CLANG_WARN_DIRECT_OBJC_ISA_USAGE = YES_ERROR;
				CLANG_WARN_DOCUMENTATION_COMMENTS = YES;
				CLANG_WARN_EMPTY_BODY = YES;
				CLANG_WARN_ENUM_CONVERSION = YES;
				CLANG_WARN_INFINITE_RECURSION = YES;
				CLANG_WARN_INT_CONVERSION = YES;
				CLANG_WARN_NON_LITERAL_NULL_CONVERSION = YES;
				CLANG_WARN_OBJC_IMPLICIT_RETAIN_SELF = YES;
				CLANG_WARN_OBJC_LITERAL_CONVERSION = YES;
				CLANG_WARN_OBJC_ROOT_CLASS = YES_ERROR;
				CLANG_WARN_QUOTED_INCLUDE_IN_FRAMEWORK_HEADER = YES;
				CLANG_WARN_RANGE_LOOP_ANALYSIS = YES;
				CLANG_WARN_STRICT_PROTOTYPES = YES;
				CLANG_WARN_SUSPICIOUS_MOVE = YES;
				CLANG_WARN_UNGUARDED_AVAILABILITY = YES_AGGRESSIVE;
				CLANG_WARN_UNREACHABLE_CODE = YES;
				CLANG_WARN__DUPLICATE_METHOD_MATCH = YES;
				COPY_PHASE_STRIP = NO;
				DEBUG_INFORMATION_FORMAT = dwarf;
				ENABLE_STRICT_OBJC_MSGSEND = YES;
				ENABLE_TESTABILITY = YES;
				GCC_C_LANGUAGE_STANDARD = gnu11;
				GCC_DYNAMIC_NO_PIC = NO;
				GCC_NO_COMMON_BLOCKS = YES;
				GCC_OPTIMIZATION_LEVEL = 0;
				GCC_PREPROCESSOR_DEFINITIONS = (
					"DEBUG=1",
					"$(inherited)",
				);
				GCC_WARN_64_TO_32_BIT_CONVERSION = YES;
				GCC_WARN_ABOUT_RETURN_TYPE = YES_ERROR;
				GCC_WARN_UNDECLARED_SELECTOR = YES;
				GCC_WARN_UNINITIALIZED_AUTOS = YES_AGGRESSIVE;
				GCC_WARN_UNUSED_FUNCTION = YES;
				GCC_WARN_UNUSED_VARIABLE = YES;
				IPHONEOS_DEPLOYMENT_TARGET = 16.4;
				MTL_ENABLE_DEBUG_INFO = INCLUDE_SOURCE;
				MTL_FAST_MATH = YES;
				ONLY_ACTIVE_ARCH = YES;
				SDKROOT = iphoneos;
				SWIFT_ACTIVE_COMPILATION_CONDITIONS = DEBUG;
				SWIFT_OPTIMIZATION_LEVEL = "-Onone";
			};
			name = Debug;
		};
		18F8D7102A1C137A00FA21CE /* Release */ = {
			isa = XCBuildConfiguration;
			buildSettings = {
				ALWAYS_SEARCH_USER_PATHS = NO;
				CLANG_ANALYZER_NONNULL = YES;
				CLANG_ANALYZER_NUMBER_OBJECT_CONVERSION = YES_AGGRESSIVE;
				CLANG_CXX_LANGUAGE_STANDARD = "gnu++20";
				CLANG_ENABLE_MODULES = YES;
				CLANG_ENABLE_OBJC_ARC = YES;
				CLANG_ENABLE_OBJC_WEAK = YES;
				CLANG_WARN_BLOCK_CAPTURE_AUTORELEASING = YES;
				CLANG_WARN_BOOL_CONVERSION = YES;
				CLANG_WARN_COMMA = YES;
				CLANG_WARN_CONSTANT_CONVERSION = YES;
				CLANG_WARN_DEPRECATED_OBJC_IMPLEMENTATIONS = YES;
				CLANG_WARN_DIRECT_OBJC_ISA_USAGE = YES_ERROR;
				CLANG_WARN_DOCUMENTATION_COMMENTS = YES;
				CLANG_WARN_EMPTY_BODY = YES;
				CLANG_WARN_ENUM_CONVERSION = YES;
				CLANG_WARN_INFINITE_RECURSION = YES;
				CLANG_WARN_INT_CONVERSION = YES;
				CLANG_WARN_NON_LITERAL_NULL_CONVERSION = YES;
				CLANG_WARN_OBJC_IMPLICIT_RETAIN_SELF = YES;
				CLANG_WARN_OBJC_LITERAL_CONVERSION = YES;
				CLANG_WARN_OBJC_ROOT_CLASS = YES_ERROR;
				CLANG_WARN_QUOTED_INCLUDE_IN_FRAMEWORK_HEADER = YES;
				CLANG_WARN_RANGE_LOOP_ANALYSIS = YES;
				CLANG_WARN_STRICT_PROTOTYPES = YES;
				CLANG_WARN_SUSPICIOUS_MOVE = YES;
				CLANG_WARN_UNGUARDED_AVAILABILITY = YES_AGGRESSIVE;
				CLANG_WARN_UNREACHABLE_CODE = YES;
				CLANG_WARN__DUPLICATE_METHOD_MATCH = YES;
				COPY_PHASE_STRIP = NO;
				DEBUG_INFORMATION_FORMAT = "dwarf-with-dsym";
				ENABLE_NS_ASSERTIONS = NO;
				ENABLE_STRICT_OBJC_MSGSEND = YES;
				GCC_C_LANGUAGE_STANDARD = gnu11;
				GCC_NO_COMMON_BLOCKS = YES;
				GCC_WARN_64_TO_32_BIT_CONVERSION = YES;
				GCC_WARN_ABOUT_RETURN_TYPE = YES_ERROR;
				GCC_WARN_UNDECLARED_SELECTOR = YES;
				GCC_WARN_UNINITIALIZED_AUTOS = YES_AGGRESSIVE;
				GCC_WARN_UNUSED_FUNCTION = YES;
				GCC_WARN_UNUSED_VARIABLE = YES;
				IPHONEOS_DEPLOYMENT_TARGET = 16.4;
				MTL_ENABLE_DEBUG_INFO = NO;
				MTL_FAST_MATH = YES;
				SDKROOT = iphoneos;
				SWIFT_COMPILATION_MODE = wholemodule;
				SWIFT_OPTIMIZATION_LEVEL = "-O";
				VALIDATE_PRODUCT = YES;
			};
			name = Release;
		};
		18F8D7122A1C137A00FA21CE /* Debug */ = {
			isa = XCBuildConfiguration;
			buildSettings = {
				ASSETCATALOG_COMPILER_APPICON_NAME = AppIcon;
				ASSETCATALOG_COMPILER_GLOBAL_ACCENT_COLOR_NAME = AccentColor;
				CODE_SIGN_STYLE = Automatic;
				CURRENT_PROJECT_VERSION = 1;
				DEVELOPMENT_ASSET_PATHS = "\"ShowingMissionDetailsWithScrollViewAndGeometryReader/Preview Content\"";
				DEVELOPMENT_TEAM = QEGAMCA563;
				ENABLE_PREVIEWS = YES;
				GENERATE_INFOPLIST_FILE = YES;
				INFOPLIST_KEY_UIApplicationSceneManifest_Generation = YES;
				INFOPLIST_KEY_UIApplicationSupportsIndirectInputEvents = YES;
				INFOPLIST_KEY_UILaunchScreen_Generation = YES;
				INFOPLIST_KEY_UISupportedInterfaceOrientations_iPad = "UIInterfaceOrientationPortrait UIInterfaceOrientationPortraitUpsideDown UIInterfaceOrientationLandscapeLeft UIInterfaceOrientationLandscapeRight";
				INFOPLIST_KEY_UISupportedInterfaceOrientations_iPhone = "UIInterfaceOrientationPortrait UIInterfaceOrientationLandscapeLeft UIInterfaceOrientationLandscapeRight";
				LD_RUNPATH_SEARCH_PATHS = (
					"$(inherited)",
					"@executable_path/Frameworks",
				);
				MARKETING_VERSION = 1.0;
				PRODUCT_BUNDLE_IDENTIFIER = com.jamesarmer.ShowingMissionDetailsWithScrollViewAndGeometryReader;
				PRODUCT_NAME = "$(TARGET_NAME)";
				SWIFT_EMIT_LOC_STRINGS = YES;
				SWIFT_VERSION = 5.0;
				TARGETED_DEVICE_FAMILY = "1,2";
			};
			name = Debug;
		};
		18F8D7132A1C137A00FA21CE /* Release */ = {
			isa = XCBuildConfiguration;
			buildSettings = {
				ASSETCATALOG_COMPILER_APPICON_NAME = AppIcon;
				ASSETCATALOG_COMPILER_GLOBAL_ACCENT_COLOR_NAME = AccentColor;
				CODE_SIGN_STYLE = Automatic;
				CURRENT_PROJECT_VERSION = 1;
				DEVELOPMENT_ASSET_PATHS = "\"ShowingMissionDetailsWithScrollViewAndGeometryReader/Preview Content\"";
				DEVELOPMENT_TEAM = QEGAMCA563;
				ENABLE_PREVIEWS = YES;
				GENERATE_INFOPLIST_FILE = YES;
				INFOPLIST_KEY_UIApplicationSceneManifest_Generation = YES;
				INFOPLIST_KEY_UIApplicationSupportsIndirectInputEvents = YES;
				INFOPLIST_KEY_UILaunchScreen_Generation = YES;
				INFOPLIST_KEY_UISupportedInterfaceOrientations_iPad = "UIInterfaceOrientationPortrait UIInterfaceOrientationPortraitUpsideDown UIInterfaceOrientationLandscapeLeft UIInterfaceOrientationLandscapeRight";
				INFOPLIST_KEY_UISupportedInterfaceOrientations_iPhone = "UIInterfaceOrientationPortrait UIInterfaceOrientationLandscapeLeft UIInterfaceOrientationLandscapeRight";
				LD_RUNPATH_SEARCH_PATHS = (
					"$(inherited)",
					"@executable_path/Frameworks",
				);
				MARKETING_VERSION = 1.0;
				PRODUCT_BUNDLE_IDENTIFIER = com.jamesarmer.ShowingMissionDetailsWithScrollViewAndGeometryReader;
				PRODUCT_NAME = "$(TARGET_NAME)";
				SWIFT_EMIT_LOC_STRINGS = YES;
				SWIFT_VERSION = 5.0;
				TARGETED_DEVICE_FAMILY = "1,2";
			};
			name = Release;
		};
/* End XCBuildConfiguration section */

/* Begin XCConfigurationList section */
		18F8D6FE2A1C137700FA21CE /* Build configuration list for PBXProject "ShowingMissionDetailsWithScrollViewAndGeometryReader" */ = {
			isa = XCConfigurationList;
			buildConfigurations = (
				18F8D70F2A1C137A00FA21CE /* Debug */,
				18F8D7102A1C137A00FA21CE /* Release */,
			);
			defaultConfigurationIsVisible = 0;
			defaultConfigurationName = Release;
		};
		18F8D7112A1C137A00FA21CE /* Build configuration list for PBXNativeTarget "ShowingMissionDetailsWithScrollViewAndGeometryReader" */ = {
			isa = XCConfigurationList;
			buildConfigurations = (
				18F8D7122A1C137A00FA21CE /* Debug */,
				18F8D7132A1C137A00FA21CE /* Release */,
			);
			defaultConfigurationIsVisible = 0;
			defaultConfigurationName = Release;
		};
/* End XCConfigurationList section */
	};
	rootObject = 18F8D6FB2A1C137700FA21CE /* Project object */;
}
