// !$*UTF8*$!
{
	archiveVersion = 1;
	classes = {
	};
	objectVersion = 56;
	objects = {

/* Begin PBXBuildFile section */
		18A4A08B2A2E8C5200D47864 /* ShowingBookDetailsApp.swift in Sources */ = {isa = PBXBuildFile; fileRef = 18A4A08A2A2E8C5200D47864 /* ShowingBookDetailsApp.swift */; };
		18A4A08D2A2E8C5200D47864 /* ContentView.swift in Sources */ = {isa = PBXBuildFile; fileRef = 18A4A08C2A2E8C5200D47864 /* ContentView.swift */; };
		18A4A08F2A2E8C5500D47864 /* Assets.xcassets in Resources */ = {isa = PBXBuildFile; fileRef = 18A4A08E2A2E8C5500D47864 /* Assets.xcassets */; };
		18A4A0922A2E8C5500D47864 /* Preview Assets.xcassets in Resources */ = {isa = PBXBuildFile; fileRef = 18A4A0912A2E8C5500D47864 /* Preview Assets.xcassets */; };
		18A4A0992A2E8C6A00D47864 /* DataController.swift in Sources */ = {isa = PBXBuildFile; fileRef = 18A4A0982A2E8C6A00D47864 /* DataController.swift */; };
		18A4A09C2A2E8C7800D47864 /* Bookworm.xcdatamodeld in Sources */ = {isa = PBXBuildFile; fileRef = 18A4A09A2A2E8C7800D47864 /* Bookworm.xcdatamodeld */; };
		18A4A09E2A2E8C8600D47864 /* AddBookView.swift in Sources */ = {isa = PBXBuildFile; fileRef = 18A4A09D2A2E8C8600D47864 /* AddBookView.swift */; };
		18A4A0A02A2E8C9300D47864 /* RatingView.swift in Sources */ = {isa = PBXBuildFile; fileRef = 18A4A09F2A2E8C9300D47864 /* RatingView.swift */; };
		18A4A0A22A2E8CA000D47864 /* EmojiRatingView.swift in Sources */ = {isa = PBXBuildFile; fileRef = 18A4A0A12A2E8CA000D47864 /* EmojiRatingView.swift */; };
		18A4A0A42A2E8E9E00D47864 /* DetailView.swift in Sources */ = {isa = PBXBuildFile; fileRef = 18A4A0A32A2E8E9E00D47864 /* DetailView.swift */; };
/* End PBXBuildFile section */

/* Begin PBXFileReference section */
		18A4A0872A2E8C5200D47864 /* ShowingBookDetails.app */ = {isa = PBXFileReference; explicitFileType = wrapper.application; includeInIndex = 0; path = ShowingBookDetails.app; sourceTree = BUILT_PRODUCTS_DIR; };
		18A4A08A2A2E8C5200D47864 /* ShowingBookDetailsApp.swift */ = {isa = PBXFileReference; lastKnownFileType = sourcecode.swift; path = ShowingBookDetailsApp.swift; sourceTree = "<group>"; };
		18A4A08C2A2E8C5200D47864 /* ContentView.swift */ = {isa = PBXFileReference; lastKnownFileType = sourcecode.swift; path = ContentView.swift; sourceTree = "<group>"; };
		18A4A08E2A2E8C5500D47864 /* Assets.xcassets */ = {isa = PBXFileReference; lastKnownFileType = folder.assetcatalog; path = Assets.xcassets; sourceTree = "<group>"; };
		18A4A0912A2E8C5500D47864 /* Preview Assets.xcassets */ = {isa = PBXFileReference; lastKnownFileType = folder.assetcatalog; path = "Preview Assets.xcassets"; sourceTree = "<group>"; };
		18A4A0982A2E8C6A00D47864 /* DataController.swift */ = {isa = PBXFileReference; lastKnownFileType = sourcecode.swift; path = DataController.swift; sourceTree = "<group>"; };
		18A4A09B2A2E8C7800D47864 /* Bookworm.xcdatamodel */ = {isa = PBXFileReference; lastKnownFileType = wrapper.xcdatamodel; path = Bookworm.xcdatamodel; sourceTree = "<group>"; };
		18A4A09D2A2E8C8600D47864 /* AddBookView.swift */ = {isa = PBXFileReference; lastKnownFileType = sourcecode.swift; path = AddBookView.swift; sourceTree = "<group>"; };
		18A4A09F2A2E8C9300D47864 /* RatingView.swift */ = {isa = PBXFileReference; lastKnownFileType = sourcecode.swift; path = RatingView.swift; sourceTree = "<group>"; };
		18A4A0A12A2E8CA000D47864 /* EmojiRatingView.swift */ = {isa = PBXFileReference; lastKnownFileType = sourcecode.swift; path = EmojiRatingView.swift; sourceTree = "<group>"; };
		18A4A0A32A2E8E9E00D47864 /* DetailView.swift */ = {isa = PBXFileReference; lastKnownFileType = sourcecode.swift; path = DetailView.swift; sourceTree = "<group>"; };
/* End PBXFileReference section */

/* Begin PBXFrameworksBuildPhase section */
		18A4A0842A2E8C5200D47864 /* Frameworks */ = {
			isa = PBXFrameworksBuildPhase;
			buildActionMask = 2147483647;
			files = (
			);
			runOnlyForDeploymentPostprocessing = 0;
		};
/* End PBXFrameworksBuildPhase section */

/* Begin PBXGroup section */
		18A4A07E2A2E8C5200D47864 = {
			isa = PBXGroup;
			children = (
				18A4A0892A2E8C5200D47864 /* ShowingBookDetails */,
				18A4A0882A2E8C5200D47864 /* Products */,
			);
			sourceTree = "<group>";
		};
		18A4A0882A2E8C5200D47864 /* Products */ = {
			isa = PBXGroup;
			children = (
				18A4A0872A2E8C5200D47864 /* ShowingBookDetails.app */,
			);
			name = Products;
			sourceTree = "<group>";
		};
		18A4A0892A2E8C5200D47864 /* ShowingBookDetails */ = {
			isa = PBXGroup;
			children = (
				18A4A08A2A2E8C5200D47864 /* ShowingBookDetailsApp.swift */,
				18A4A09D2A2E8C8600D47864 /* AddBookView.swift */,
				18A4A09A2A2E8C7800D47864 /* Bookworm.xcdatamodeld */,
				18A4A08C2A2E8C5200D47864 /* ContentView.swift */,
				18A4A0A32A2E8E9E00D47864 /* DetailView.swift */,
				18A4A0982A2E8C6A00D47864 /* DataController.swift */,
				18A4A0A12A2E8CA000D47864 /* EmojiRatingView.swift */,
				18A4A09F2A2E8C9300D47864 /* RatingView.swift */,
				18A4A08E2A2E8C5500D47864 /* Assets.xcassets */,
				18A4A0902A2E8C5500D47864 /* Preview Content */,
			);
			path = ShowingBookDetails;
			sourceTree = "<group>";
		};
		18A4A0902A2E8C5500D47864 /* Preview Content */ = {
			isa = PBXGroup;
			children = (
				18A4A0912A2E8C5500D47864 /* Preview Assets.xcassets */,
			);
			path = "Preview Content";
			sourceTree = "<group>";
		};
/* End PBXGroup section */

/* Begin PBXNativeTarget section */
		18A4A0862A2E8C5200D47864 /* ShowingBookDetails */ = {
			isa = PBXNativeTarget;
			buildConfigurationList = 18A4A0952A2E8C5500D47864 /* Build configuration list for PBXNativeTarget "ShowingBookDetails" */;
			buildPhases = (
				18A4A0832A2E8C5200D47864 /* Sources */,
				18A4A0842A2E8C5200D47864 /* Frameworks */,
				18A4A0852A2E8C5200D47864 /* Resources */,
			);
			buildRules = (
			);
			dependencies = (
			);
			name = ShowingBookDetails;
			productName = ShowingBookDetails;
			productReference = 18A4A0872A2E8C5200D47864 /* ShowingBookDetails.app */;
			productType = "com.apple.product-type.application";
		};
/* End PBXNativeTarget section */

/* Begin PBXProject section */
		18A4A07F2A2E8C5200D47864 /* Project object */ = {
			isa = PBXProject;
			attributes = {
				BuildIndependentTargetsInParallel = 1;
				LastSwiftUpdateCheck = 1430;
				LastUpgradeCheck = 1430;
				TargetAttributes = {
					18A4A0862A2E8C5200D47864 = {
						CreatedOnToolsVersion = 14.3;
					};
				};
			};
			buildConfigurationList = 18A4A0822A2E8C5200D47864 /* Build configuration list for PBXProject "ShowingBookDetails" */;
			compatibilityVersion = "Xcode 14.0";
			developmentRegion = en;
			hasScannedForEncodings = 0;
			knownRegions = (
				en,
				Base,
			);
			mainGroup = 18A4A07E2A2E8C5200D47864;
			productRefGroup = 18A4A0882A2E8C5200D47864 /* Products */;
			projectDirPath = "";
			projectRoot = "";
			targets = (
				18A4A0862A2E8C5200D47864 /* ShowingBookDetails */,
			);
		};
/* End PBXProject section */

/* Begin PBXResourcesBuildPhase section */
		18A4A0852A2E8C5200D47864 /* Resources */ = {
			isa = PBXResourcesBuildPhase;
			buildActionMask = 2147483647;
			files = (
				18A4A0922A2E8C5500D47864 /* Preview Assets.xcassets in Resources */,
				18A4A08F2A2E8C5500D47864 /* Assets.xcassets in Resources */,
			);
			runOnlyForDeploymentPostprocessing = 0;
		};
/* End PBXResourcesBuildPhase section */

/* Begin PBXSourcesBuildPhase section */
		18A4A0832A2E8C5200D47864 /* Sources */ = {
			isa = PBXSourcesBuildPhase;
			buildActionMask = 2147483647;
			files = (
				18A4A08D2A2E8C5200D47864 /* ContentView.swift in Sources */,
				18A4A0A42A2E8E9E00D47864 /* DetailView.swift in Sources */,
				18A4A09C2A2E8C7800D47864 /* Bookworm.xcdatamodeld in Sources */,
				18A4A0A22A2E8CA000D47864 /* EmojiRatingView.swift in Sources */,
				18A4A0992A2E8C6A00D47864 /* DataController.swift in Sources */,
				18A4A0A02A2E8C9300D47864 /* RatingView.swift in Sources */,
				18A4A08B2A2E8C5200D47864 /* ShowingBookDetailsApp.swift in Sources */,
				18A4A09E2A2E8C8600D47864 /* AddBookView.swift in Sources */,
			);
			runOnlyForDeploymentPostprocessing = 0;
		};
/* End PBXSourcesBuildPhase section */

/* Begin XCBuildConfiguration section */
		18A4A0932A2E8C5500D47864 /* Debug */ = {
			isa = XCBuildConfiguration;
			buildSettings = {
				ALWAYS_SEARCH_USER_PATHS = NO;
				CLANG_ANALYZER_NONNULL = YES;
				CLANG_ANALYZER_NUMBER_OBJECT_CONVERSION = YES_AGGRESSIVE;
				CLANG_CXX_LANGUAGE_STANDARD = "gnu++20";
				CLANG_ENABLE_MODULES = YES;
				CLANG_ENABLE_OBJC_ARC = YES;
				CLANG_ENABLE_OBJC_WEAK = YES;
				CLANG_WARN_BLOCK_CAPTURE_AUTORELEASING = YES;
				CLANG_WARN_BOOL_CONVERSION = YES;
				CLANG_WARN_COMMA = YES;
				CLANG_WARN_CONSTANT_CONVERSION = YES;
				CLANG_WARN_DEPRECATED_OBJC_IMPLEMENTATIONS = YES;
				CLANG_WARN_DIRECT_OBJC_ISA_USAGE = YES_ERROR;
				CLANG_WARN_DOCUMENTATION_COMMENTS = YES;
				CLANG_WARN_EMPTY_BODY = YES;
				CLANG_WARN_ENUM_CONVERSION = YES;
				CLANG_WARN_INFINITE_RECURSION = YES;
				CLANG_WARN_INT_CONVERSION = YES;
				CLANG_WARN_NON_LITERAL_NULL_CONVERSION = YES;
				CLANG_WARN_OBJC_IMPLICIT_RETAIN_SELF = YES;
				CLANG_WARN_OBJC_LITERAL_CONVERSION = YES;
				CLANG_WARN_OBJC_ROOT_CLASS = YES_ERROR;
				CLANG_WARN_QUOTED_INCLUDE_IN_FRAMEWORK_HEADER = YES;
				CLANG_WARN_RANGE_LOOP_ANALYSIS = YES;
				CLANG_WARN_STRICT_PROTOTYPES = YES;
				CLANG_WARN_SUSPICIOUS_MOVE = YES;
				CLANG_WARN_UNGUARDED_AVAILABILITY = YES_AGGRESSIVE;
				CLANG_WARN_UNREACHABLE_CODE = YES;
				CLANG_WARN__DUPLICATE_METHOD_MATCH = YES;
				COPY_PHASE_STRIP = NO;
				DEBUG_INFORMATION_FORMAT = dwarf;
				ENABLE_STRICT_OBJC_MSGSEND = YES;
				ENABLE_TESTABILITY = YES;
				GCC_C_LANGUAGE_STANDARD = gnu11;
				GCC_DYNAMIC_NO_PIC = NO;
				GCC_NO_COMMON_BLOCKS = YES;
				GCC_OPTIMIZATION_LEVEL = 0;
				GCC_PREPROCESSOR_DEFINITIONS = (
					"DEBUG=1",
					"$(inherited)",
				);
				GCC_WARN_64_TO_32_BIT_CONVERSION = YES;
				GCC_WARN_ABOUT_RETURN_TYPE = YES_ERROR;
				GCC_WARN_UNDECLARED_SELECTOR = YES;
				GCC_WARN_UNINITIALIZED_AUTOS = YES_AGGRESSIVE;
				GCC_WARN_UNUSED_FUNCTION = YES;
				GCC_WARN_UNUSED_VARIABLE = YES;
				IPHONEOS_DEPLOYMENT_TARGET = 16.4;
				MTL_ENABLE_DEBUG_INFO = INCLUDE_SOURCE;
				MTL_FAST_MATH = YES;
				ONLY_ACTIVE_ARCH = YES;
				SDKROOT = iphoneos;
				SWIFT_ACTIVE_COMPILATION_CONDITIONS = DEBUG;
				SWIFT_OPTIMIZATION_LEVEL = "-Onone";
			};
			name = Debug;
		};
		18A4A0942A2E8C5500D47864 /* Release */ = {
			isa = XCBuildConfiguration;
			buildSettings = {
				ALWAYS_SEARCH_USER_PATHS = NO;
				CLANG_ANALYZER_NONNULL = YES;
				CLANG_ANALYZER_NUMBER_OBJECT_CONVERSION = YES_AGGRESSIVE;
				CLANG_CXX_LANGUAGE_STANDARD = "gnu++20";
				CLANG_ENABLE_MODULES = YES;
				CLANG_ENABLE_OBJC_ARC = YES;
				CLANG_ENABLE_OBJC_WEAK = YES;
				CLANG_WARN_BLOCK_CAPTURE_AUTORELEASING = YES;
				CLANG_WARN_BOOL_CONVERSION = YES;
				CLANG_WARN_COMMA = YES;
				CLANG_WARN_CONSTANT_CONVERSION = YES;
				CLANG_WARN_DEPRECATED_OBJC_IMPLEMENTATIONS = YES;
				CLANG_WARN_DIRECT_OBJC_ISA_USAGE = YES_ERROR;
				CLANG_WARN_DOCUMENTATION_COMMENTS = YES;
				CLANG_WARN_EMPTY_BODY = YES;
				CLANG_WARN_ENUM_CONVERSION = YES;
				CLANG_WARN_INFINITE_RECURSION = YES;
				CLANG_WARN_INT_CONVERSION = YES;
				CLANG_WARN_NON_LITERAL_NULL_CONVERSION = YES;
				CLANG_WARN_OBJC_IMPLICIT_RETAIN_SELF = YES;
				CLANG_WARN_OBJC_LITERAL_CONVERSION = YES;
				CLANG_WARN_OBJC_ROOT_CLASS = YES_ERROR;
				CLANG_WARN_QUOTED_INCLUDE_IN_FRAMEWORK_HEADER = YES;
				CLANG_WARN_RANGE_LOOP_ANALYSIS = YES;
				CLANG_WARN_STRICT_PROTOTYPES = YES;
				CLANG_WARN_SUSPICIOUS_MOVE = YES;
				CLANG_WARN_UNGUARDED_AVAILABILITY = YES_AGGRESSIVE;
				CLANG_WARN_UNREACHABLE_CODE = YES;
				CLANG_WARN__DUPLICATE_METHOD_MATCH = YES;
				COPY_PHASE_STRIP = NO;
				DEBUG_INFORMATION_FORMAT = "dwarf-with-dsym";
				ENABLE_NS_ASSERTIONS = NO;
				ENABLE_STRICT_OBJC_MSGSEND = YES;
				GCC_C_LANGUAGE_STANDARD = gnu11;
				GCC_NO_COMMON_BLOCKS = YES;
				GCC_WARN_64_TO_32_BIT_CONVERSION = YES;
				GCC_WARN_ABOUT_RETURN_TYPE = YES_ERROR;
				GCC_WARN_UNDECLARED_SELECTOR = YES;
				GCC_WARN_UNINITIALIZED_AUTOS = YES_AGGRESSIVE;
				GCC_WARN_UNUSED_FUNCTION = YES;
				GCC_WARN_UNUSED_VARIABLE = YES;
				IPHONEOS_DEPLOYMENT_TARGET = 16.4;
				MTL_ENABLE_DEBUG_INFO = NO;
				MTL_FAST_MATH = YES;
				SDKROOT = iphoneos;
				SWIFT_COMPILATION_MODE = wholemodule;
				SWIFT_OPTIMIZATION_LEVEL = "-O";
				VALIDATE_PRODUCT = YES;
			};
			name = Release;
		};
		18A4A0962A2E8C5500D47864 /* Debug */ = {
			isa = XCBuildConfiguration;
			buildSettings = {
				ASSETCATALOG_COMPILER_APPICON_NAME = AppIcon;
				ASSETCATALOG_COMPILER_GLOBAL_ACCENT_COLOR_NAME = AccentColor;
				CODE_SIGN_STYLE = Automatic;
				CURRENT_PROJECT_VERSION = 1;
				DEVELOPMENT_ASSET_PATHS = "\"ShowingBookDetails/Preview Content\"";
				DEVELOPMENT_TEAM = QEGAMCA563;
				ENABLE_PREVIEWS = YES;
				GENERATE_INFOPLIST_FILE = YES;
				INFOPLIST_KEY_UIApplicationSceneManifest_Generation = YES;
				INFOPLIST_KEY_UIApplicationSupportsIndirectInputEvents = YES;
				INFOPLIST_KEY_UILaunchScreen_Generation = YES;
				INFOPLIST_KEY_UISupportedInterfaceOrientations_iPad = "UIInterfaceOrientationPortrait UIInterfaceOrientationPortraitUpsideDown UIInterfaceOrientationLandscapeLeft UIInterfaceOrientationLandscapeRight";
				INFOPLIST_KEY_UISupportedInterfaceOrientations_iPhone = "UIInterfaceOrientationPortrait UIInterfaceOrientationLandscapeLeft UIInterfaceOrientationLandscapeRight";
				LD_RUNPATH_SEARCH_PATHS = (
					"$(inherited)",
					"@executable_path/Frameworks",
				);
				MARKETING_VERSION = 1.0;
				PRODUCT_BUNDLE_IDENTIFIER = com.jamesarmer.ShowingBookDetails;
				PRODUCT_NAME = "$(TARGET_NAME)";
				SWIFT_EMIT_LOC_STRINGS = YES;
				SWIFT_VERSION = 5.0;
				TARGETED_DEVICE_FAMILY = "1,2";
			};
			name = Debug;
		};
		18A4A0972A2E8C5500D47864 /* Release */ = {
			isa = XCBuildConfiguration;
			buildSettings = {
				ASSETCATALOG_COMPILER_APPICON_NAME = AppIcon;
				ASSETCATALOG_COMPILER_GLOBAL_ACCENT_COLOR_NAME = AccentColor;
				CODE_SIGN_STYLE = Automatic;
				CURRENT_PROJECT_VERSION = 1;
				DEVELOPMENT_ASSET_PATHS = "\"ShowingBookDetails/Preview Content\"";
				DEVELOPMENT_TEAM = QEGAMCA563;
				ENABLE_PREVIEWS = YES;
				GENERATE_INFOPLIST_FILE = YES;
				INFOPLIST_KEY_UIApplicationSceneManifest_Generation = YES;
				INFOPLIST_KEY_UIApplicationSupportsIndirectInputEvents = YES;
				INFOPLIST_KEY_UILaunchScreen_Generation = YES;
				INFOPLIST_KEY_UISupportedInterfaceOrientations_iPad = "UIInterfaceOrientationPortrait UIInterfaceOrientationPortraitUpsideDown UIInterfaceOrientationLandscapeLeft UIInterfaceOrientationLandscapeRight";
				INFOPLIST_KEY_UISupportedInterfaceOrientations_iPhone = "UIInterfaceOrientationPortrait UIInterfaceOrientationLandscapeLeft UIInterfaceOrientationLandscapeRight";
				LD_RUNPATH_SEARCH_PATHS = (
					"$(inherited)",
					"@executable_path/Frameworks",
				);
				MARKETING_VERSION = 1.0;
				PRODUCT_BUNDLE_IDENTIFIER = com.jamesarmer.ShowingBookDetails;
				PRODUCT_NAME = "$(TARGET_NAME)";
				SWIFT_EMIT_LOC_STRINGS = YES;
				SWIFT_VERSION = 5.0;
				TARGETED_DEVICE_FAMILY = "1,2";
			};
			name = Release;
		};
/* End XCBuildConfiguration section */

/* Begin XCConfigurationList section */
		18A4A0822A2E8C5200D47864 /* Build configuration list for PBXProject "ShowingBookDetails" */ = {
			isa = XCConfigurationList;
			buildConfigurations = (
				18A4A0932A2E8C5500D47864 /* Debug */,
				18A4A0942A2E8C5500D47864 /* Release */,
			);
			defaultConfigurationIsVisible = 0;
			defaultConfigurationName = Release;
		};
		18A4A0952A2E8C5500D47864 /* Build configuration list for PBXNativeTarget "ShowingBookDetails" */ = {
			isa = XCConfigurationList;
			buildConfigurations = (
				18A4A0962A2E8C5500D47864 /* Debug */,
				18A4A0972A2E8C5500D47864 /* Release */,
			);
			defaultConfigurationIsVisible = 0;
			defaultConfigurationName = Release;
		};
/* End XCConfigurationList section */

/* Begin XCVersionGroup section */
		18A4A09A2A2E8C7800D47864 /* Bookworm.xcdatamodeld */ = {
			isa = XCVersionGroup;
			children = (
				18A4A09B2A2E8C7800D47864 /* Bookworm.xcdatamodel */,
			);
			currentVersion = 18A4A09B2A2E8C7800D47864 /* Bookworm.xcdatamodel */;
			path = Bookworm.xcdatamodeld;
			sourceTree = "<group>";
			versionGroupType = wrapper.xcdatamodel;
		};
/* End XCVersionGroup section */
	};
	rootObject = 18A4A07F2A2E8C5200D47864 /* Project object */;
}
