// !$*UTF8*$!
{
	archiveVersion = 1;
	classes = {
	};
	objectVersion = 56;
	objects = {

/* Begin PBXBuildFile section */
		180B601F2A4883AF00E8C72C /* FixingBookwormApp.swift in Sources */ = {isa = PBXBuildFile; fileRef = 180B601E2A4883AF00E8C72C /* FixingBookwormApp.swift */; };
		180B60212A4883AF00E8C72C /* ContentView.swift in Sources */ = {isa = PBXBuildFile; fileRef = 180B60202A4883AF00E8C72C /* ContentView.swift */; };
		180B60232A4883B100E8C72C /* Assets.xcassets in Resources */ = {isa = PBXBuildFile; fileRef = 180B60222A4883B100E8C72C /* Assets.xcassets */; };
		180B60262A4883B100E8C72C /* Preview Assets.xcassets in Resources */ = {isa = PBXBuildFile; fileRef = 180B60252A4883B100E8C72C /* Preview Assets.xcassets */; };
		180B602D2A4883F400E8C72C /* AddBookView.swift in Sources */ = {isa = PBXBuildFile; fileRef = 180B602C2A4883F400E8C72C /* AddBookView.swift */; };
		180B602F2A48841900E8C72C /* DataController.swift in Sources */ = {isa = PBXBuildFile; fileRef = 180B602E2A48841900E8C72C /* DataController.swift */; };
		180B60312A48842A00E8C72C /* DetailView.swift in Sources */ = {isa = PBXBuildFile; fileRef = 180B60302A48842A00E8C72C /* DetailView.swift */; };
		180B60332A48843700E8C72C /* RatingView.swift in Sources */ = {isa = PBXBuildFile; fileRef = 180B60322A48843700E8C72C /* RatingView.swift */; };
		180B60352A48844500E8C72C /* EmojiRatingView.swift in Sources */ = {isa = PBXBuildFile; fileRef = 180B60342A48844500E8C72C /* EmojiRatingView.swift */; };
		180B60382A48845D00E8C72C /* Bookworm.xcdatamodeld in Sources */ = {isa = PBXBuildFile; fileRef = 180B60362A48845D00E8C72C /* Bookworm.xcdatamodeld */; };
/* End PBXBuildFile section */

/* Begin PBXFileReference section */
		180B601B2A4883AF00E8C72C /* FixingBookworm.app */ = {isa = PBXFileReference; explicitFileType = wrapper.application; includeInIndex = 0; path = FixingBookworm.app; sourceTree = BUILT_PRODUCTS_DIR; };
		180B601E2A4883AF00E8C72C /* FixingBookwormApp.swift */ = {isa = PBXFileReference; lastKnownFileType = sourcecode.swift; path = FixingBookwormApp.swift; sourceTree = "<group>"; };
		180B60202A4883AF00E8C72C /* ContentView.swift */ = {isa = PBXFileReference; lastKnownFileType = sourcecode.swift; path = ContentView.swift; sourceTree = "<group>"; };
		180B60222A4883B100E8C72C /* Assets.xcassets */ = {isa = PBXFileReference; lastKnownFileType = folder.assetcatalog; path = Assets.xcassets; sourceTree = "<group>"; };
		180B60252A4883B100E8C72C /* Preview Assets.xcassets */ = {isa = PBXFileReference; lastKnownFileType = folder.assetcatalog; path = "Preview Assets.xcassets"; sourceTree = "<group>"; };
		180B602C2A4883F400E8C72C /* AddBookView.swift */ = {isa = PBXFileReference; lastKnownFileType = sourcecode.swift; path = AddBookView.swift; sourceTree = "<group>"; };
		180B602E2A48841900E8C72C /* DataController.swift */ = {isa = PBXFileReference; lastKnownFileType = sourcecode.swift; path = DataController.swift; sourceTree = "<group>"; };
		180B60302A48842A00E8C72C /* DetailView.swift */ = {isa = PBXFileReference; lastKnownFileType = sourcecode.swift; path = DetailView.swift; sourceTree = "<group>"; };
		180B60322A48843700E8C72C /* RatingView.swift */ = {isa = PBXFileReference; lastKnownFileType = sourcecode.swift; path = RatingView.swift; sourceTree = "<group>"; };
		180B60342A48844500E8C72C /* EmojiRatingView.swift */ = {isa = PBXFileReference; lastKnownFileType = sourcecode.swift; path = EmojiRatingView.swift; sourceTree = "<group>"; };
		180B60372A48845D00E8C72C /* Bookworm.xcdatamodel */ = {isa = PBXFileReference; lastKnownFileType = wrapper.xcdatamodel; path = Bookworm.xcdatamodel; sourceTree = "<group>"; };
/* End PBXFileReference section */

/* Begin PBXFrameworksBuildPhase section */
		180B60182A4883AF00E8C72C /* Frameworks */ = {
			isa = PBXFrameworksBuildPhase;
			buildActionMask = 2147483647;
			files = (
			);
			runOnlyForDeploymentPostprocessing = 0;
		};
/* End PBXFrameworksBuildPhase section */

/* Begin PBXGroup section */
		180B60122A4883AF00E8C72C = {
			isa = PBXGroup;
			children = (
				180B601D2A4883AF00E8C72C /* FixingBookworm */,
				180B601C2A4883AF00E8C72C /* Products */,
			);
			sourceTree = "<group>";
		};
		180B601C2A4883AF00E8C72C /* Products */ = {
			isa = PBXGroup;
			children = (
				180B601B2A4883AF00E8C72C /* FixingBookworm.app */,
			);
			name = Products;
			sourceTree = "<group>";
		};
		180B601D2A4883AF00E8C72C /* FixingBookworm */ = {
			isa = PBXGroup;
			children = (
				180B601E2A4883AF00E8C72C /* FixingBookwormApp.swift */,
				180B60202A4883AF00E8C72C /* ContentView.swift */,
				180B602E2A48841900E8C72C /* DataController.swift */,
				180B60302A48842A00E8C72C /* DetailView.swift */,
				180B60322A48843700E8C72C /* RatingView.swift */,
				180B60342A48844500E8C72C /* EmojiRatingView.swift */,
				180B60362A48845D00E8C72C /* Bookworm.xcdatamodeld */,
				180B602C2A4883F400E8C72C /* AddBookView.swift */,
				180B60222A4883B100E8C72C /* Assets.xcassets */,
				180B60242A4883B100E8C72C /* Preview Content */,
			);
			path = FixingBookworm;
			sourceTree = "<group>";
		};
		180B60242A4883B100E8C72C /* Preview Content */ = {
			isa = PBXGroup;
			children = (
				180B60252A4883B100E8C72C /* Preview Assets.xcassets */,
			);
			path = "Preview Content";
			sourceTree = "<group>";
		};
/* End PBXGroup section */

/* Begin PBXNativeTarget section */
		180B601A2A4883AF00E8C72C /* FixingBookworm */ = {
			isa = PBXNativeTarget;
			buildConfigurationList = 180B60292A4883B100E8C72C /* Build configuration list for PBXNativeTarget "FixingBookworm" */;
			buildPhases = (
				180B60172A4883AF00E8C72C /* Sources */,
				180B60182A4883AF00E8C72C /* Frameworks */,
				180B60192A4883AF00E8C72C /* Resources */,
			);
			buildRules = (
			);
			dependencies = (
			);
			name = FixingBookworm;
			productName = FixingBookworm;
			productReference = 180B601B2A4883AF00E8C72C /* FixingBookworm.app */;
			productType = "com.apple.product-type.application";
		};
/* End PBXNativeTarget section */

/* Begin PBXProject section */
		180B60132A4883AF00E8C72C /* Project object */ = {
			isa = PBXProject;
			attributes = {
				BuildIndependentTargetsInParallel = 1;
				LastSwiftUpdateCheck = 1430;
				LastUpgradeCheck = 1430;
				TargetAttributes = {
					180B601A2A4883AF00E8C72C = {
						CreatedOnToolsVersion = 14.3;
					};
				};
			};
			buildConfigurationList = 180B60162A4883AF00E8C72C /* Build configuration list for PBXProject "FixingBookworm" */;
			compatibilityVersion = "Xcode 14.0";
			developmentRegion = en;
			hasScannedForEncodings = 0;
			knownRegions = (
				en,
				Base,
			);
			mainGroup = 180B60122A4883AF00E8C72C;
			productRefGroup = 180B601C2A4883AF00E8C72C /* Products */;
			projectDirPath = "";
			projectRoot = "";
			targets = (
				180B601A2A4883AF00E8C72C /* FixingBookworm */,
			);
		};
/* End PBXProject section */

/* Begin PBXResourcesBuildPhase section */
		180B60192A4883AF00E8C72C /* Resources */ = {
			isa = PBXResourcesBuildPhase;
			buildActionMask = 2147483647;
			files = (
				180B60262A4883B100E8C72C /* Preview Assets.xcassets in Resources */,
				180B60232A4883B100E8C72C /* Assets.xcassets in Resources */,
			);
			runOnlyForDeploymentPostprocessing = 0;
		};
/* End PBXResourcesBuildPhase section */

/* Begin PBXSourcesBuildPhase section */
		180B60172A4883AF00E8C72C /* Sources */ = {
			isa = PBXSourcesBuildPhase;
			buildActionMask = 2147483647;
			files = (
				180B60212A4883AF00E8C72C /* ContentView.swift in Sources */,
				180B602F2A48841900E8C72C /* DataController.swift in Sources */,
				180B60352A48844500E8C72C /* EmojiRatingView.swift in Sources */,
				180B602D2A4883F400E8C72C /* AddBookView.swift in Sources */,
				180B60332A48843700E8C72C /* RatingView.swift in Sources */,
				180B60382A48845D00E8C72C /* Bookworm.xcdatamodeld in Sources */,
				180B60312A48842A00E8C72C /* DetailView.swift in Sources */,
				180B601F2A4883AF00E8C72C /* FixingBookwormApp.swift in Sources */,
			);
			runOnlyForDeploymentPostprocessing = 0;
		};
/* End PBXSourcesBuildPhase section */

/* Begin XCBuildConfiguration section */
		180B60272A4883B100E8C72C /* Debug */ = {
			isa = XCBuildConfiguration;
			buildSettings = {
				ALWAYS_SEARCH_USER_PATHS = NO;
				CLANG_ANALYZER_NONNULL = YES;
				CLANG_ANALYZER_NUMBER_OBJECT_CONVERSION = YES_AGGRESSIVE;
				CLANG_CXX_LANGUAGE_STANDARD = "gnu++20";
				CLANG_ENABLE_MODULES = YES;
				CLANG_ENABLE_OBJC_ARC = YES;
				CLANG_ENABLE_OBJC_WEAK = YES;
				CLANG_WARN_BLOCK_CAPTURE_AUTORELEASING = YES;
				CLANG_WARN_BOOL_CONVERSION = YES;
				CLANG_WARN_COMMA = YES;
				CLANG_WARN_CONSTANT_CONVERSION = YES;
				CLANG_WARN_DEPRECATED_OBJC_IMPLEMENTATIONS = YES;
				CLANG_WARN_DIRECT_OBJC_ISA_USAGE = YES_ERROR;
				CLANG_WARN_DOCUMENTATION_COMMENTS = YES;
				CLANG_WARN_EMPTY_BODY = YES;
				CLANG_WARN_ENUM_CONVERSION = YES;
				CLANG_WARN_INFINITE_RECURSION = YES;
				CLANG_WARN_INT_CONVERSION = YES;
				CLANG_WARN_NON_LITERAL_NULL_CONVERSION = YES;
				CLANG_WARN_OBJC_IMPLICIT_RETAIN_SELF = YES;
				CLANG_WARN_OBJC_LITERAL_CONVERSION = YES;
				CLANG_WARN_OBJC_ROOT_CLASS = YES_ERROR;
				CLANG_WARN_QUOTED_INCLUDE_IN_FRAMEWORK_HEADER = YES;
				CLANG_WARN_RANGE_LOOP_ANALYSIS = YES;
				CLANG_WARN_STRICT_PROTOTYPES = YES;
				CLANG_WARN_SUSPICIOUS_MOVE = YES;
				CLANG_WARN_UNGUARDED_AVAILABILITY = YES_AGGRESSIVE;
				CLANG_WARN_UNREACHABLE_CODE = YES;
				CLANG_WARN__DUPLICATE_METHOD_MATCH = YES;
				COPY_PHASE_STRIP = NO;
				DEBUG_INFORMATION_FORMAT = dwarf;
				ENABLE_STRICT_OBJC_MSGSEND = YES;
				ENABLE_TESTABILITY = YES;
				GCC_C_LANGUAGE_STANDARD = gnu11;
				GCC_DYNAMIC_NO_PIC = NO;
				GCC_NO_COMMON_BLOCKS = YES;
				GCC_OPTIMIZATION_LEVEL = 0;
				GCC_PREPROCESSOR_DEFINITIONS = (
					"DEBUG=1",
					"$(inherited)",
				);
				GCC_WARN_64_TO_32_BIT_CONVERSION = YES;
				GCC_WARN_ABOUT_RETURN_TYPE = YES_ERROR;
				GCC_WARN_UNDECLARED_SELECTOR = YES;
				GCC_WARN_UNINITIALIZED_AUTOS = YES_AGGRESSIVE;
				GCC_WARN_UNUSED_FUNCTION = YES;
				GCC_WARN_UNUSED_VARIABLE = YES;
				IPHONEOS_DEPLOYMENT_TARGET = 16.4;
				MTL_ENABLE_DEBUG_INFO = INCLUDE_SOURCE;
				MTL_FAST_MATH = YES;
				ONLY_ACTIVE_ARCH = YES;
				SDKROOT = iphoneos;
				SWIFT_ACTIVE_COMPILATION_CONDITIONS = DEBUG;
				SWIFT_OPTIMIZATION_LEVEL = "-Onone";
			};
			name = Debug;
		};
		180B60282A4883B100E8C72C /* Release */ = {
			isa = XCBuildConfiguration;
			buildSettings = {
				ALWAYS_SEARCH_USER_PATHS = NO;
				CLANG_ANALYZER_NONNULL = YES;
				CLANG_ANALYZER_NUMBER_OBJECT_CONVERSION = YES_AGGRESSIVE;
				CLANG_CXX_LANGUAGE_STANDARD = "gnu++20";
				CLANG_ENABLE_MODULES = YES;
				CLANG_ENABLE_OBJC_ARC = YES;
				CLANG_ENABLE_OBJC_WEAK = YES;
				CLANG_WARN_BLOCK_CAPTURE_AUTORELEASING = YES;
				CLANG_WARN_BOOL_CONVERSION = YES;
				CLANG_WARN_COMMA = YES;
				CLANG_WARN_CONSTANT_CONVERSION = YES;
				CLANG_WARN_DEPRECATED_OBJC_IMPLEMENTATIONS = YES;
				CLANG_WARN_DIRECT_OBJC_ISA_USAGE = YES_ERROR;
				CLANG_WARN_DOCUMENTATION_COMMENTS = YES;
				CLANG_WARN_EMPTY_BODY = YES;
				CLANG_WARN_ENUM_CONVERSION = YES;
				CLANG_WARN_INFINITE_RECURSION = YES;
				CLANG_WARN_INT_CONVERSION = YES;
				CLANG_WARN_NON_LITERAL_NULL_CONVERSION = YES;
				CLANG_WARN_OBJC_IMPLICIT_RETAIN_SELF = YES;
				CLANG_WARN_OBJC_LITERAL_CONVERSION = YES;
				CLANG_WARN_OBJC_ROOT_CLASS = YES_ERROR;
				CLANG_WARN_QUOTED_INCLUDE_IN_FRAMEWORK_HEADER = YES;
				CLANG_WARN_RANGE_LOOP_ANALYSIS = YES;
				CLANG_WARN_STRICT_PROTOTYPES = YES;
				CLANG_WARN_SUSPICIOUS_MOVE = YES;
				CLANG_WARN_UNGUARDED_AVAILABILITY = YES_AGGRESSIVE;
				CLANG_WARN_UNREACHABLE_CODE = YES;
				CLANG_WARN__DUPLICATE_METHOD_MATCH = YES;
				COPY_PHASE_STRIP = NO;
				DEBUG_INFORMATION_FORMAT = "dwarf-with-dsym";
				ENABLE_NS_ASSERTIONS = NO;
				ENABLE_STRICT_OBJC_MSGSEND = YES;
				GCC_C_LANGUAGE_STANDARD = gnu11;
				GCC_NO_COMMON_BLOCKS = YES;
				GCC_WARN_64_TO_32_BIT_CONVERSION = YES;
				GCC_WARN_ABOUT_RETURN_TYPE = YES_ERROR;
				GCC_WARN_UNDECLARED_SELECTOR = YES;
				GCC_WARN_UNINITIALIZED_AUTOS = YES_AGGRESSIVE;
				GCC_WARN_UNUSED_FUNCTION = YES;
				GCC_WARN_UNUSED_VARIABLE = YES;
				IPHONEOS_DEPLOYMENT_TARGET = 16.4;
				MTL_ENABLE_DEBUG_INFO = NO;
				MTL_FAST_MATH = YES;
				SDKROOT = iphoneos;
				SWIFT_COMPILATION_MODE = wholemodule;
				SWIFT_OPTIMIZATION_LEVEL = "-O";
				VALIDATE_PRODUCT = YES;
			};
			name = Release;
		};
		180B602A2A4883B100E8C72C /* Debug */ = {
			isa = XCBuildConfiguration;
			buildSettings = {
				ASSETCATALOG_COMPILER_APPICON_NAME = AppIcon;
				ASSETCATALOG_COMPILER_GLOBAL_ACCENT_COLOR_NAME = AccentColor;
				CODE_SIGN_STYLE = Automatic;
				CURRENT_PROJECT_VERSION = 1;
				DEVELOPMENT_ASSET_PATHS = "\"FixingBookworm/Preview Content\"";
				DEVELOPMENT_TEAM = QEGAMCA563;
				ENABLE_PREVIEWS = YES;
				GENERATE_INFOPLIST_FILE = YES;
				INFOPLIST_KEY_UIApplicationSceneManifest_Generation = YES;
				INFOPLIST_KEY_UIApplicationSupportsIndirectInputEvents = YES;
				INFOPLIST_KEY_UILaunchScreen_Generation = YES;
				INFOPLIST_KEY_UISupportedInterfaceOrientations_iPad = "UIInterfaceOrientationPortrait UIInterfaceOrientationPortraitUpsideDown UIInterfaceOrientationLandscapeLeft UIInterfaceOrientationLandscapeRight";
				INFOPLIST_KEY_UISupportedInterfaceOrientations_iPhone = "UIInterfaceOrientationPortrait UIInterfaceOrientationLandscapeLeft UIInterfaceOrientationLandscapeRight";
				LD_RUNPATH_SEARCH_PATHS = (
					"$(inherited)",
					"@executable_path/Frameworks",
				);
				MARKETING_VERSION = 1.0;
				PRODUCT_BUNDLE_IDENTIFIER = com.jamesarmer.FixingBookworm;
				PRODUCT_NAME = "$(TARGET_NAME)";
				SWIFT_EMIT_LOC_STRINGS = YES;
				SWIFT_VERSION = 5.0;
				TARGETED_DEVICE_FAMILY = "1,2";
			};
			name = Debug;
		};
		180B602B2A4883B100E8C72C /* Release */ = {
			isa = XCBuildConfiguration;
			buildSettings = {
				ASSETCATALOG_COMPILER_APPICON_NAME = AppIcon;
				ASSETCATALOG_COMPILER_GLOBAL_ACCENT_COLOR_NAME = AccentColor;
				CODE_SIGN_STYLE = Automatic;
				CURRENT_PROJECT_VERSION = 1;
				DEVELOPMENT_ASSET_PATHS = "\"FixingBookworm/Preview Content\"";
				DEVELOPMENT_TEAM = QEGAMCA563;
				ENABLE_PREVIEWS = YES;
				GENERATE_INFOPLIST_FILE = YES;
				INFOPLIST_KEY_UIApplicationSceneManifest_Generation = YES;
				INFOPLIST_KEY_UIApplicationSupportsIndirectInputEvents = YES;
				INFOPLIST_KEY_UILaunchScreen_Generation = YES;
				INFOPLIST_KEY_UISupportedInterfaceOrientations_iPad = "UIInterfaceOrientationPortrait UIInterfaceOrientationPortraitUpsideDown UIInterfaceOrientationLandscapeLeft UIInterfaceOrientationLandscapeRight";
				INFOPLIST_KEY_UISupportedInterfaceOrientations_iPhone = "UIInterfaceOrientationPortrait UIInterfaceOrientationLandscapeLeft UIInterfaceOrientationLandscapeRight";
				LD_RUNPATH_SEARCH_PATHS = (
					"$(inherited)",
					"@executable_path/Frameworks",
				);
				MARKETING_VERSION = 1.0;
				PRODUCT_BUNDLE_IDENTIFIER = com.jamesarmer.FixingBookworm;
				PRODUCT_NAME = "$(TARGET_NAME)";
				SWIFT_EMIT_LOC_STRINGS = YES;
				SWIFT_VERSION = 5.0;
				TARGETED_DEVICE_FAMILY = "1,2";
			};
			name = Release;
		};
/* End XCBuildConfiguration section */

/* Begin XCConfigurationList section */
		180B60162A4883AF00E8C72C /* Build configuration list for PBXProject "FixingBookworm" */ = {
			isa = XCConfigurationList;
			buildConfigurations = (
				180B60272A4883B100E8C72C /* Debug */,
				180B60282A4883B100E8C72C /* Release */,
			);
			defaultConfigurationIsVisible = 0;
			defaultConfigurationName = Release;
		};
		180B60292A4883B100E8C72C /* Build configuration list for PBXNativeTarget "FixingBookworm" */ = {
			isa = XCConfigurationList;
			buildConfigurations = (
				180B602A2A4883B100E8C72C /* Debug */,
				180B602B2A4883B100E8C72C /* Release */,
			);
			defaultConfigurationIsVisible = 0;
			defaultConfigurationName = Release;
		};
/* End XCConfigurationList section */

/* Begin XCVersionGroup section */
		180B60362A48845D00E8C72C /* Bookworm.xcdatamodeld */ = {
			isa = XCVersionGroup;
			children = (
				180B60372A48845D00E8C72C /* Bookworm.xcdatamodel */,
			);
			currentVersion = 180B60372A48845D00E8C72C /* Bookworm.xcdatamodel */;
			path = Bookworm.xcdatamodeld;
			sourceTree = "<group>";
			versionGroupType = wrapper.xcdatamodel;
		};
/* End XCVersionGroup section */
	};
	rootObject = 180B60132A4883AF00E8C72C /* Project object */;
}
