// !$*UTF8*$!
{
	archiveVersion = 1;
	classes = {
	};
	objectVersion = 56;
	objects = {

/* Begin PBXBuildFile section */
		183F97A52A570F3700FE9AF6 /* MovingViewsWithDragGestureAndOffset__App.swift in Sources */ = {isa = PBXBuildFile; fileRef = 183F97A42A570F3700FE9AF6 /* MovingViewsWithDragGestureAndOffset__App.swift */; };
		183F97A72A570F3700FE9AF6 /* ContentView.swift in Sources */ = {isa = PBXBuildFile; fileRef = 183F97A62A570F3700FE9AF6 /* ContentView.swift */; };
		183F97A92A570F3A00FE9AF6 /* Assets.xcassets in Resources */ = {isa = PBXBuildFile; fileRef = 183F97A82A570F3A00FE9AF6 /* Assets.xcassets */; };
		183F97AC2A570F3A00FE9AF6 /* Preview Assets.xcassets in Resources */ = {isa = PBXBuildFile; fileRef = 183F97AB2A570F3A00FE9AF6 /* Preview Assets.xcassets */; };
		183F97B32A5710E800FE9AF6 /* Card.swift in Sources */ = {isa = PBXBuildFile; fileRef = 183F97B22A5710E800FE9AF6 /* Card.swift */; };
		183F97B52A5710EE00FE9AF6 /* CardView.swift in Sources */ = {isa = PBXBuildFile; fileRef = 183F97B42A5710EE00FE9AF6 /* CardView.swift */; };
/* End PBXBuildFile section */

/* Begin PBXFileReference section */
		183F97A12A570F3700FE9AF6 /* MovingViewsWithDragGestureAndOffset().app */ = {isa = PBXFileReference; explicitFileType = wrapper.application; includeInIndex = 0; path = "MovingViewsWithDragGestureAndOffset().app"; sourceTree = BUILT_PRODUCTS_DIR; };
		183F97A42A570F3700FE9AF6 /* MovingViewsWithDragGestureAndOffset__App.swift */ = {isa = PBXFileReference; lastKnownFileType = sourcecode.swift; path = MovingViewsWithDragGestureAndOffset__App.swift; sourceTree = "<group>"; };
		183F97A62A570F3700FE9AF6 /* ContentView.swift */ = {isa = PBXFileReference; lastKnownFileType = sourcecode.swift; path = ContentView.swift; sourceTree = "<group>"; };
		183F97A82A570F3A00FE9AF6 /* Assets.xcassets */ = {isa = PBXFileReference; lastKnownFileType = folder.assetcatalog; path = Assets.xcassets; sourceTree = "<group>"; };
		183F97AB2A570F3A00FE9AF6 /* Preview Assets.xcassets */ = {isa = PBXFileReference; lastKnownFileType = folder.assetcatalog; path = "Preview Assets.xcassets"; sourceTree = "<group>"; };
		183F97B22A5710E800FE9AF6 /* Card.swift */ = {isa = PBXFileReference; lastKnownFileType = sourcecode.swift; path = Card.swift; sourceTree = "<group>"; };
		183F97B42A5710EE00FE9AF6 /* CardView.swift */ = {isa = PBXFileReference; lastKnownFileType = sourcecode.swift; path = CardView.swift; sourceTree = "<group>"; };
/* End PBXFileReference section */

/* Begin PBXFrameworksBuildPhase section */
		183F979E2A570F3700FE9AF6 /* Frameworks */ = {
			isa = PBXFrameworksBuildPhase;
			buildActionMask = 2147483647;
			files = (
			);
			runOnlyForDeploymentPostprocessing = 0;
		};
/* End PBXFrameworksBuildPhase section */

/* Begin PBXGroup section */
		183F97982A570F3700FE9AF6 = {
			isa = PBXGroup;
			children = (
				183F97A32A570F3700FE9AF6 /* MovingViewsWithDragGestureAndOffset() */,
				183F97A22A570F3700FE9AF6 /* Products */,
			);
			sourceTree = "<group>";
		};
		183F97A22A570F3700FE9AF6 /* Products */ = {
			isa = PBXGroup;
			children = (
				183F97A12A570F3700FE9AF6 /* MovingViewsWithDragGestureAndOffset().app */,
			);
			name = Products;
			sourceTree = "<group>";
		};
		183F97A32A570F3700FE9AF6 /* MovingViewsWithDragGestureAndOffset() */ = {
			isa = PBXGroup;
			children = (
				183F97A42A570F3700FE9AF6 /* MovingViewsWithDragGestureAndOffset__App.swift */,
				183F97A62A570F3700FE9AF6 /* ContentView.swift */,
				183F97B22A5710E800FE9AF6 /* Card.swift */,
				183F97B42A5710EE00FE9AF6 /* CardView.swift */,
				183F97A82A570F3A00FE9AF6 /* Assets.xcassets */,
				183F97AA2A570F3A00FE9AF6 /* Preview Content */,
			);
			path = "MovingViewsWithDragGestureAndOffset()";
			sourceTree = "<group>";
		};
		183F97AA2A570F3A00FE9AF6 /* Preview Content */ = {
			isa = PBXGroup;
			children = (
				183F97AB2A570F3A00FE9AF6 /* Preview Assets.xcassets */,
			);
			path = "Preview Content";
			sourceTree = "<group>";
		};
/* End PBXGroup section */

/* Begin PBXNativeTarget section */
		183F97A02A570F3700FE9AF6 /* MovingViewsWithDragGestureAndOffset() */ = {
			isa = PBXNativeTarget;
			buildConfigurationList = 183F97AF2A570F3A00FE9AF6 /* Build configuration list for PBXNativeTarget "MovingViewsWithDragGestureAndOffset()" */;
			buildPhases = (
				183F979D2A570F3700FE9AF6 /* Sources */,
				183F979E2A570F3700FE9AF6 /* Frameworks */,
				183F979F2A570F3700FE9AF6 /* Resources */,
			);
			buildRules = (
			);
			dependencies = (
			);
			name = "MovingViewsWithDragGestureAndOffset()";
			productName = "MovingViewsWithDragGestureAndOffset()";
			productReference = 183F97A12A570F3700FE9AF6 /* MovingViewsWithDragGestureAndOffset().app */;
			productType = "com.apple.product-type.application";
		};
/* End PBXNativeTarget section */

/* Begin PBXProject section */
		183F97992A570F3700FE9AF6 /* Project object */ = {
			isa = PBXProject;
			attributes = {
				BuildIndependentTargetsInParallel = 1;
				LastSwiftUpdateCheck = 1430;
				LastUpgradeCheck = 1430;
				TargetAttributes = {
					183F97A02A570F3700FE9AF6 = {
						CreatedOnToolsVersion = 14.3;
					};
				};
			};
			buildConfigurationList = 183F979C2A570F3700FE9AF6 /* Build configuration list for PBXProject "MovingViewsWithDragGestureAndOffset()" */;
			compatibilityVersion = "Xcode 14.0";
			developmentRegion = en;
			hasScannedForEncodings = 0;
			knownRegions = (
				en,
				Base,
			);
			mainGroup = 183F97982A570F3700FE9AF6;
			productRefGroup = 183F97A22A570F3700FE9AF6 /* Products */;
			projectDirPath = "";
			projectRoot = "";
			targets = (
				183F97A02A570F3700FE9AF6 /* MovingViewsWithDragGestureAndOffset() */,
			);
		};
/* End PBXProject section */

/* Begin PBXResourcesBuildPhase section */
		183F979F2A570F3700FE9AF6 /* Resources */ = {
			isa = PBXResourcesBuildPhase;
			buildActionMask = 2147483647;
			files = (
				183F97AC2A570F3A00FE9AF6 /* Preview Assets.xcassets in Resources */,
				183F97A92A570F3A00FE9AF6 /* Assets.xcassets in Resources */,
			);
			runOnlyForDeploymentPostprocessing = 0;
		};
/* End PBXResourcesBuildPhase section */

/* Begin PBXSourcesBuildPhase section */
		183F979D2A570F3700FE9AF6 /* Sources */ = {
			isa = PBXSourcesBuildPhase;
			buildActionMask = 2147483647;
			files = (
				183F97A72A570F3700FE9AF6 /* ContentView.swift in Sources */,
				183F97B32A5710E800FE9AF6 /* Card.swift in Sources */,
				183F97B52A5710EE00FE9AF6 /* CardView.swift in Sources */,
				183F97A52A570F3700FE9AF6 /* MovingViewsWithDragGestureAndOffset__App.swift in Sources */,
			);
			runOnlyForDeploymentPostprocessing = 0;
		};
/* End PBXSourcesBuildPhase section */

/* Begin XCBuildConfiguration section */
		183F97AD2A570F3A00FE9AF6 /* Debug */ = {
			isa = XCBuildConfiguration;
			buildSettings = {
				ALWAYS_SEARCH_USER_PATHS = NO;
				CLANG_ANALYZER_NONNULL = YES;
				CLANG_ANALYZER_NUMBER_OBJECT_CONVERSION = YES_AGGRESSIVE;
				CLANG_CXX_LANGUAGE_STANDARD = "gnu++20";
				CLANG_ENABLE_MODULES = YES;
				CLANG_ENABLE_OBJC_ARC = YES;
				CLANG_ENABLE_OBJC_WEAK = YES;
				CLANG_WARN_BLOCK_CAPTURE_AUTORELEASING = YES;
				CLANG_WARN_BOOL_CONVERSION = YES;
				CLANG_WARN_COMMA = YES;
				CLANG_WARN_CONSTANT_CONVERSION = YES;
				CLANG_WARN_DEPRECATED_OBJC_IMPLEMENTATIONS = YES;
				CLANG_WARN_DIRECT_OBJC_ISA_USAGE = YES_ERROR;
				CLANG_WARN_DOCUMENTATION_COMMENTS = YES;
				CLANG_WARN_EMPTY_BODY = YES;
				CLANG_WARN_ENUM_CONVERSION = YES;
				CLANG_WARN_INFINITE_RECURSION = YES;
				CLANG_WARN_INT_CONVERSION = YES;
				CLANG_WARN_NON_LITERAL_NULL_CONVERSION = YES;
				CLANG_WARN_OBJC_IMPLICIT_RETAIN_SELF = YES;
				CLANG_WARN_OBJC_LITERAL_CONVERSION = YES;
				CLANG_WARN_OBJC_ROOT_CLASS = YES_ERROR;
				CLANG_WARN_QUOTED_INCLUDE_IN_FRAMEWORK_HEADER = YES;
				CLANG_WARN_RANGE_LOOP_ANALYSIS = YES;
				CLANG_WARN_STRICT_PROTOTYPES = YES;
				CLANG_WARN_SUSPICIOUS_MOVE = YES;
				CLANG_WARN_UNGUARDED_AVAILABILITY = YES_AGGRESSIVE;
				CLANG_WARN_UNREACHABLE_CODE = YES;
				CLANG_WARN__DUPLICATE_METHOD_MATCH = YES;
				COPY_PHASE_STRIP = NO;
				DEBUG_INFORMATION_FORMAT = dwarf;
				ENABLE_STRICT_OBJC_MSGSEND = YES;
				ENABLE_TESTABILITY = YES;
				GCC_C_LANGUAGE_STANDARD = gnu11;
				GCC_DYNAMIC_NO_PIC = NO;
				GCC_NO_COMMON_BLOCKS = YES;
				GCC_OPTIMIZATION_LEVEL = 0;
				GCC_PREPROCESSOR_DEFINITIONS = (
					"DEBUG=1",
					"$(inherited)",
				);
				GCC_WARN_64_TO_32_BIT_CONVERSION = YES;
				GCC_WARN_ABOUT_RETURN_TYPE = YES_ERROR;
				GCC_WARN_UNDECLARED_SELECTOR = YES;
				GCC_WARN_UNINITIALIZED_AUTOS = YES_AGGRESSIVE;
				GCC_WARN_UNUSED_FUNCTION = YES;
				GCC_WARN_UNUSED_VARIABLE = YES;
				IPHONEOS_DEPLOYMENT_TARGET = 16.4;
				MTL_ENABLE_DEBUG_INFO = INCLUDE_SOURCE;
				MTL_FAST_MATH = YES;
				ONLY_ACTIVE_ARCH = YES;
				SDKROOT = iphoneos;
				SWIFT_ACTIVE_COMPILATION_CONDITIONS = DEBUG;
				SWIFT_OPTIMIZATION_LEVEL = "-Onone";
			};
			name = Debug;
		};
		183F97AE2A570F3A00FE9AF6 /* Release */ = {
			isa = XCBuildConfiguration;
			buildSettings = {
				ALWAYS_SEARCH_USER_PATHS = NO;
				CLANG_ANALYZER_NONNULL = YES;
				CLANG_ANALYZER_NUMBER_OBJECT_CONVERSION = YES_AGGRESSIVE;
				CLANG_CXX_LANGUAGE_STANDARD = "gnu++20";
				CLANG_ENABLE_MODULES = YES;
				CLANG_ENABLE_OBJC_ARC = YES;
				CLANG_ENABLE_OBJC_WEAK = YES;
				CLANG_WARN_BLOCK_CAPTURE_AUTORELEASING = YES;
				CLANG_WARN_BOOL_CONVERSION = YES;
				CLANG_WARN_COMMA = YES;
				CLANG_WARN_CONSTANT_CONVERSION = YES;
				CLANG_WARN_DEPRECATED_OBJC_IMPLEMENTATIONS = YES;
				CLANG_WARN_DIRECT_OBJC_ISA_USAGE = YES_ERROR;
				CLANG_WARN_DOCUMENTATION_COMMENTS = YES;
				CLANG_WARN_EMPTY_BODY = YES;
				CLANG_WARN_ENUM_CONVERSION = YES;
				CLANG_WARN_INFINITE_RECURSION = YES;
				CLANG_WARN_INT_CONVERSION = YES;
				CLANG_WARN_NON_LITERAL_NULL_CONVERSION = YES;
				CLANG_WARN_OBJC_IMPLICIT_RETAIN_SELF = YES;
				CLANG_WARN_OBJC_LITERAL_CONVERSION = YES;
				CLANG_WARN_OBJC_ROOT_CLASS = YES_ERROR;
				CLANG_WARN_QUOTED_INCLUDE_IN_FRAMEWORK_HEADER = YES;
				CLANG_WARN_RANGE_LOOP_ANALYSIS = YES;
				CLANG_WARN_STRICT_PROTOTYPES = YES;
				CLANG_WARN_SUSPICIOUS_MOVE = YES;
				CLANG_WARN_UNGUARDED_AVAILABILITY = YES_AGGRESSIVE;
				CLANG_WARN_UNREACHABLE_CODE = YES;
				CLANG_WARN__DUPLICATE_METHOD_MATCH = YES;
				COPY_PHASE_STRIP = NO;
				DEBUG_INFORMATION_FORMAT = "dwarf-with-dsym";
				ENABLE_NS_ASSERTIONS = NO;
				ENABLE_STRICT_OBJC_MSGSEND = YES;
				GCC_C_LANGUAGE_STANDARD = gnu11;
				GCC_NO_COMMON_BLOCKS = YES;
				GCC_WARN_64_TO_32_BIT_CONVERSION = YES;
				GCC_WARN_ABOUT_RETURN_TYPE = YES_ERROR;
				GCC_WARN_UNDECLARED_SELECTOR = YES;
				GCC_WARN_UNINITIALIZED_AUTOS = YES_AGGRESSIVE;
				GCC_WARN_UNUSED_FUNCTION = YES;
				GCC_WARN_UNUSED_VARIABLE = YES;
				IPHONEOS_DEPLOYMENT_TARGET = 16.4;
				MTL_ENABLE_DEBUG_INFO = NO;
				MTL_FAST_MATH = YES;
				SDKROOT = iphoneos;
				SWIFT_COMPILATION_MODE = wholemodule;
				SWIFT_OPTIMIZATION_LEVEL = "-O";
				VALIDATE_PRODUCT = YES;
			};
			name = Release;
		};
		183F97B02A570F3A00FE9AF6 /* Debug */ = {
			isa = XCBuildConfiguration;
			buildSettings = {
				ASSETCATALOG_COMPILER_APPICON_NAME = AppIcon;
				ASSETCATALOG_COMPILER_GLOBAL_ACCENT_COLOR_NAME = AccentColor;
				CODE_SIGN_STYLE = Automatic;
				CURRENT_PROJECT_VERSION = 1;
				DEVELOPMENT_ASSET_PATHS = "\"MovingViewsWithDragGestureAndOffset()/Preview Content\"";
				DEVELOPMENT_TEAM = QEGAMCA563;
				ENABLE_PREVIEWS = YES;
				GENERATE_INFOPLIST_FILE = YES;
				INFOPLIST_KEY_UIApplicationSceneManifest_Generation = YES;
				INFOPLIST_KEY_UIApplicationSupportsIndirectInputEvents = YES;
				INFOPLIST_KEY_UILaunchScreen_Generation = YES;
				INFOPLIST_KEY_UISupportedInterfaceOrientations = "UIInterfaceOrientationLandscapeLeft UIInterfaceOrientationLandscapeRight";
				INFOPLIST_KEY_UISupportedInterfaceOrientations_iPad = "UIInterfaceOrientationLandscapeLeft UIInterfaceOrientationLandscapeRight UIInterfaceOrientationPortrait UIInterfaceOrientationPortraitUpsideDown";
				LD_RUNPATH_SEARCH_PATHS = (
					"$(inherited)",
					"@executable_path/Frameworks",
				);
				MARKETING_VERSION = 1.0;
				PRODUCT_BUNDLE_IDENTIFIER = "com.jamesarmer.MovingViewsWithDragGestureAndOffset--";
				PRODUCT_NAME = "$(TARGET_NAME)";
				SWIFT_EMIT_LOC_STRINGS = YES;
				SWIFT_VERSION = 5.0;
				TARGETED_DEVICE_FAMILY = "1,2";
			};
			name = Debug;
		};
		183F97B12A570F3A00FE9AF6 /* Release */ = {
			isa = XCBuildConfiguration;
			buildSettings = {
				ASSETCATALOG_COMPILER_APPICON_NAME = AppIcon;
				ASSETCATALOG_COMPILER_GLOBAL_ACCENT_COLOR_NAME = AccentColor;
				CODE_SIGN_STYLE = Automatic;
				CURRENT_PROJECT_VERSION = 1;
				DEVELOPMENT_ASSET_PATHS = "\"MovingViewsWithDragGestureAndOffset()/Preview Content\"";
				DEVELOPMENT_TEAM = QEGAMCA563;
				ENABLE_PREVIEWS = YES;
				GENERATE_INFOPLIST_FILE = YES;
				INFOPLIST_KEY_UIApplicationSceneManifest_Generation = YES;
				INFOPLIST_KEY_UIApplicationSupportsIndirectInputEvents = YES;
				INFOPLIST_KEY_UILaunchScreen_Generation = YES;
				INFOPLIST_KEY_UISupportedInterfaceOrientations = "UIInterfaceOrientationLandscapeLeft UIInterfaceOrientationLandscapeRight";
				INFOPLIST_KEY_UISupportedInterfaceOrientations_iPad = "UIInterfaceOrientationLandscapeLeft UIInterfaceOrientationLandscapeRight UIInterfaceOrientationPortrait UIInterfaceOrientationPortraitUpsideDown";
				LD_RUNPATH_SEARCH_PATHS = (
					"$(inherited)",
					"@executable_path/Frameworks",
				);
				MARKETING_VERSION = 1.0;
				PRODUCT_BUNDLE_IDENTIFIER = "com.jamesarmer.MovingViewsWithDragGestureAndOffset--";
				PRODUCT_NAME = "$(TARGET_NAME)";
				SWIFT_EMIT_LOC_STRINGS = YES;
				SWIFT_VERSION = 5.0;
				TARGETED_DEVICE_FAMILY = "1,2";
			};
			name = Release;
		};
/* End XCBuildConfiguration section */

/* Begin XCConfigurationList section */
		183F979C2A570F3700FE9AF6 /* Build configuration list for PBXProject "MovingViewsWithDragGestureAndOffset()" */ = {
			isa = XCConfigurationList;
			buildConfigurations = (
				183F97AD2A570F3A00FE9AF6 /* Debug */,
				183F97AE2A570F3A00FE9AF6 /* Release */,
			);
			defaultConfigurationIsVisible = 0;
			defaultConfigurationName = Release;
		};
		183F97AF2A570F3A00FE9AF6 /* Build configuration list for PBXNativeTarget "MovingViewsWithDragGestureAndOffset()" */ = {
			isa = XCConfigurationList;
			buildConfigurations = (
				183F97B02A570F3A00FE9AF6 /* Debug */,
				183F97B12A570F3A00FE9AF6 /* Release */,
			);
			defaultConfigurationIsVisible = 0;
			defaultConfigurationName = Release;
		};
/* End XCConfigurationList section */
	};
	rootObject = 183F97992A570F3700FE9AF6 /* Project object */;
}
